// !$*UTF8*$!
{
	archiveVersion = 1;
	classes = {
	};
	objectVersion = 51;
	objects = {

/* Begin PBXBuildFile section */
		DF0063AA24F39FF200B6153F /* CustomLog.swift in Sources */ = {isa = PBXBuildFile; fileRef = DF0063A924F39FF200B6153F /* CustomLog.swift */; };
		DF142D9A2511A9740095AAFD /* SWMapFilterReduceVC.swift in Sources */ = {isa = PBXBuildFile; fileRef = DF142D992511A9740095AAFD /* SWMapFilterReduceVC.swift */; };
		DF146D1925AD466A006F21BC /* ResultProtocol.swift in Sources */ = {isa = PBXBuildFile; fileRef = DF146D1825AD466A006F21BC /* ResultProtocol.swift */; };
		DF1B6B8925071F0300B68527 /* SWSwiftAdvancedTipsViewControler.swift in Sources */ = {isa = PBXBuildFile; fileRef = DF1B6B8825071F0300B68527 /* SWSwiftAdvancedTipsViewControler.swift */; };
		DF1FAEBB25B801E700CB7860 /* THRecorderController.swift in Sources */ = {isa = PBXBuildFile; fileRef = DF1FAEBA25B801E700CB7860 /* THRecorderController.swift */; };
		DF1FAEBE25B8110100CB7860 /* THMemo.swift in Sources */ = {isa = PBXBuildFile; fileRef = DF1FAEBD25B8110100CB7860 /* THMemo.swift */; };
		DF2A7F8225B025F800A23597 /* SWBaseTableHeaderFooterView.swift in Sources */ = {isa = PBXBuildFile; fileRef = DF2A7F8125B025F800A23597 /* SWBaseTableHeaderFooterView.swift */; };
		DF2A7F8525B0269100A23597 /* SWSubViewsProtocol.swift in Sources */ = {isa = PBXBuildFile; fileRef = DF2A7F8425B0269100A23597 /* SWSubViewsProtocol.swift */; };
		DF2A7F8725B0291F00A23597 /* SWAVFoundationReuseHeaderView.swift in Sources */ = {isa = PBXBuildFile; fileRef = DF2A7F8625B0291F00A23597 /* SWAVFoundationReuseHeaderView.swift */; };
		DF2A7F8925B02A5E00A23597 /* SWAvfoundationModel.swift in Sources */ = {isa = PBXBuildFile; fileRef = DF2A7F8825B02A5E00A23597 /* SWAvfoundationModel.swift */; };
		DF2A7F8C25B047D100A23597 /* 泡沫.mp3 in Resources */ = {isa = PBXBuildFile; fileRef = DF2A7F8B25B047D100A23597 /* 泡沫.mp3 */; };
		DF2C7A25251C8AE400B97485 /* SWPOPTableViewCell.swift in Sources */ = {isa = PBXBuildFile; fileRef = DF2C7A23251C8AE400B97485 /* SWPOPTableViewCell.swift */; };
		DF2C7A26251C8AE400B97485 /* SWPOPTableViewCell.xib in Resources */ = {isa = PBXBuildFile; fileRef = DF2C7A24251C8AE400B97485 /* SWPOPTableViewCell.xib */; };
		DF37AF7524A9882A00C5EA37 /* SWFindViewController.swift in Sources */ = {isa = PBXBuildFile; fileRef = DF37AF7424A9882A00C5EA37 /* SWFindViewController.swift */; };
		DF37AF7A24A9CE5700C5EA37 /* SWFunctionsViewController.swift in Sources */ = {isa = PBXBuildFile; fileRef = DF37AF7924A9CE5700C5EA37 /* SWFunctionsViewController.swift */; };
		DF388E9225CBC099000E6058 /* SWImproveWKWebViewController.swift in Sources */ = {isa = PBXBuildFile; fileRef = DF388E9125CBC099000E6058 /* SWImproveWKWebViewController.swift */; };
		DF388E9525CBC14C000E6058 /* ZJWebViewPool.swift in Sources */ = {isa = PBXBuildFile; fileRef = DF388E9425CBC14C000E6058 /* ZJWebViewPool.swift */; };
		DF388EF925CBC829000E6058 /* ZJWebView.swift in Sources */ = {isa = PBXBuildFile; fileRef = DF388EF825CBC829000E6058 /* ZJWebView.swift */; };
		DF388EFB25CBE57A000E6058 /* ZJSPNotiCallBackHolder.swift in Sources */ = {isa = PBXBuildFile; fileRef = DF388EFA25CBE57A000E6058 /* ZJSPNotiCallBackHolder.swift */; };
		DF388EFD25CBEE53000E6058 /* SWNoImproveWKWebViewController.swift in Sources */ = {isa = PBXBuildFile; fileRef = DF388EFC25CBEE53000E6058 /* SWNoImproveWKWebViewController.swift */; };
		DF388EFF25CBF5B8000E6058 /* white.html in Resources */ = {isa = PBXBuildFile; fileRef = DF388EFE25CBF5B8000E6058 /* white.html */; };
		DF3ED2A524EFBA390083F870 /* SWGenericsViewController.swift in Sources */ = {isa = PBXBuildFile; fileRef = DF3ED2A424EFBA390083F870 /* SWGenericsViewController.swift */; };
		DF41DB6324E3FA90009C117A /* SWProtocolsViewController.swift in Sources */ = {isa = PBXBuildFile; fileRef = DF41DB6224E3FA90009C117A /* SWProtocolsViewController.swift */; };
		DF460E8A24E22EDC006CB24C /* SWExtensionsViewController.swift in Sources */ = {isa = PBXBuildFile; fileRef = DF460E8924E22EDC006CB24C /* SWExtensionsViewController.swift */; };
		DF460E8D24E23347006CB24C /* Extensions.swift in Sources */ = {isa = PBXBuildFile; fileRef = DF460E8C24E23347006CB24C /* Extensions.swift */; };
		DF476FB625BFA6D40088E7CE /* OurSouvenir.mp3 in Resources */ = {isa = PBXBuildFile; fileRef = DF476FB525BFA6D40088E7CE /* OurSouvenir.mp3 */; };
		DF476FB825BFA82A0088E7CE /* 2.mp3 in Resources */ = {isa = PBXBuildFile; fileRef = DF476FB725BFA82A0088E7CE /* 2.mp3 */; };
		DF4944E624E4E586002D3675 /* Protocol.swift in Sources */ = {isa = PBXBuildFile; fileRef = DF4944E524E4E586002D3675 /* Protocol.swift */; };
		DF4BA20F25B91626007D071E /* SWRecorderHeaderView.swift in Sources */ = {isa = PBXBuildFile; fileRef = DF4BA20E25B91626007D071E /* SWRecorderHeaderView.swift */; };
		DF4BA21425B9219C007D071E /* SWRecorderItemCellTableViewCell.swift in Sources */ = {isa = PBXBuildFile; fileRef = DF4BA21225B9219C007D071E /* SWRecorderItemCellTableViewCell.swift */; };
		DF4BA21525B9219C007D071E /* SWRecorderItemCellTableViewCell.xib in Resources */ = {isa = PBXBuildFile; fileRef = DF4BA21325B9219C007D071E /* SWRecorderItemCellTableViewCell.xib */; };
		DF4BA21825B95110007D071E /* ZJSPTimerManger.swift in Sources */ = {isa = PBXBuildFile; fileRef = DF4BA21725B95110007D071E /* ZJSPTimerManger.swift */; };
		DF5528F725BA6DD100E5BF8B /* SWLevelPair.swift in Sources */ = {isa = PBXBuildFile; fileRef = DF5528F625BA6DD100E5BF8B /* SWLevelPair.swift */; };
		DF5528FA25BA6E9A00E5BF8B /* SWMeterTable.swift in Sources */ = {isa = PBXBuildFile; fileRef = DF5528F925BA6E9A00E5BF8B /* SWMeterTable.swift */; };
		DF5528FC25BA724000E5BF8B /* THLevelMeterColorThreshold.swift in Sources */ = {isa = PBXBuildFile; fileRef = DF5528FB25BA724000E5BF8B /* THLevelMeterColorThreshold.swift */; };
		DF5528FE25BA734200E5BF8B /* SWLevelMeterView.swift in Sources */ = {isa = PBXBuildFile; fileRef = DF5528FD25BA734200E5BF8B /* SWLevelMeterView.swift */; };
		DF5AC00125187E6A00EF238F /* SWOptionalValueVC.swift in Sources */ = {isa = PBXBuildFile; fileRef = DF5AC00025187E6A00EF238F /* SWOptionalValueVC.swift */; };
		DF5C80BE24C7DDE20040D7D8 /* SWPropertiesViewController.swift in Sources */ = {isa = PBXBuildFile; fileRef = DF5C80BD24C7DDE20040D7D8 /* SWPropertiesViewController.swift */; };
		DF5FE2CB251B1B6A00C83FBE /* SWConstantValueVC.swift in Sources */ = {isa = PBXBuildFile; fileRef = DF5FE2CA251B1B6A00C83FBE /* SWConstantValueVC.swift */; };
		DF5FE2CE251B449000C83FBE /* SWOptionalValueCell.swift in Sources */ = {isa = PBXBuildFile; fileRef = DF5FE2CC251B449000C83FBE /* SWOptionalValueCell.swift */; };
		DF5FE2CF251B449000C83FBE /* SWOptionalValueCell.xib in Resources */ = {isa = PBXBuildFile; fileRef = DF5FE2CD251B449000C83FBE /* SWOptionalValueCell.xib */; };
		DF65D6E1250B570C00A9FB43 /* SWBookListViewController.swift in Sources */ = {isa = PBXBuildFile; fileRef = DF65D6E0250B570C00A9FB43 /* SWBookListViewController.swift */; };
		DF7103C3247B6E3A00B859CF /* AppDelegate.swift in Sources */ = {isa = PBXBuildFile; fileRef = DF7103C2247B6E3A00B859CF /* AppDelegate.swift */; };
		DF7103C5247B6E3A00B859CF /* SceneDelegate.swift in Sources */ = {isa = PBXBuildFile; fileRef = DF7103C4247B6E3A00B859CF /* SceneDelegate.swift */; };
		DF7103C7247B6E3A00B859CF /* ViewController.swift in Sources */ = {isa = PBXBuildFile; fileRef = DF7103C6247B6E3A00B859CF /* ViewController.swift */; };
		DF7103CA247B6E3A00B859CF /* Main.storyboard in Resources */ = {isa = PBXBuildFile; fileRef = DF7103C8247B6E3A00B859CF /* Main.storyboard */; };
		DF7103CC247B6E3C00B859CF /* Assets.xcassets in Resources */ = {isa = PBXBuildFile; fileRef = DF7103CB247B6E3C00B859CF /* Assets.xcassets */; };
		DF7103CF247B6E3C00B859CF /* LaunchScreen.storyboard in Resources */ = {isa = PBXBuildFile; fileRef = DF7103CD247B6E3C00B859CF /* LaunchScreen.storyboard */; };
		DF7267AE25B0245B0091AC46 /* SWBookLitstItem.swift in Sources */ = {isa = PBXBuildFile; fileRef = DF7267AD25B0245B0091AC46 /* SWBookLitstItem.swift */; };
		DF809D98253057B800586559 /* SWDrawChartVC.swift in Sources */ = {isa = PBXBuildFile; fileRef = DF809D97253057B800586559 /* SWDrawChartVC.swift */; };
		DF809D9A25305D1500586559 /* SWUtilExtension.swift in Sources */ = {isa = PBXBuildFile; fileRef = DF809D9925305D1500586559 /* SWUtilExtension.swift */; };
		DF857A4F25B6DB9E00BF2F03 /* SWAudioRecorderViewController.swift in Sources */ = {isa = PBXBuildFile; fileRef = DF857A4E25B6DB9E00BF2F03 /* SWAudioRecorderViewController.swift */; };
		DF85AFD1254669180038F1A7 /* SWPresentationViewController.m in Sources */ = {isa = PBXBuildFile; fileRef = DF85AFD0254669180038F1A7 /* SWPresentationViewController.m */; };
		DF85AFD425466B900038F1A7 /* SWAppTools.m in Sources */ = {isa = PBXBuildFile; fileRef = DF85AFD325466B900038F1A7 /* SWAppTools.m */; };
		DF85AFD725466C590038F1A7 /* UIViewController+SWPresentationTools.m in Sources */ = {isa = PBXBuildFile; fileRef = DF85AFD625466C590038F1A7 /* UIViewController+SWPresentationTools.m */; };
		DF85AFDD254676560038F1A7 /* SWBottomPopOCViewController.m in Sources */ = {isa = PBXBuildFile; fileRef = DF85AFDC254676560038F1A7 /* SWBottomPopOCViewController.m */; };
		DF8C4F5225C0FE2B0090DBE2 /* SWAVFoundationListVCExtension.swift in Sources */ = {isa = PBXBuildFile; fileRef = DF8C4F5125C0FE2B0090DBE2 /* SWAVFoundationListVCExtension.swift */; };
		DF8C4F5625C107460090DBE2 /* 曹操.mp4 in Resources */ = {isa = PBXBuildFile; fileRef = DF8C4F5525C107460090DBE2 /* 曹操.mp4 */; };
		DF8C4F5825C134E70090DBE2 /* SWCreateVideoViewController.swift in Sources */ = {isa = PBXBuildFile; fileRef = DF8C4F5725C134E70090DBE2 /* SWCreateVideoViewController.swift */; };
		DF8C4F5A25C1359C0090DBE2 /* SWPlayerView.swift in Sources */ = {isa = PBXBuildFile; fileRef = DF8C4F5925C1359C0090DBE2 /* SWPlayerView.swift */; };
		DF8C4F5E25C13F500090DBE2 /* SWOverLayerView.swift in Sources */ = {isa = PBXBuildFile; fileRef = DF8C4F5D25C13F500090DBE2 /* SWOverLayerView.swift */; };
		DF8C4F6025C13F680090DBE2 /* SWTransport.swift in Sources */ = {isa = PBXBuildFile; fileRef = DF8C4F5F25C13F680090DBE2 /* SWTransport.swift */; };
		DF92D28A25AC46B700C8C348 /* SWSwiftResultUseSceneVC.swift in Sources */ = {isa = PBXBuildFile; fileRef = DF92D28825AC46B700C8C348 /* SWSwiftResultUseSceneVC.swift */; };
		DF92D28B25AC46B700C8C348 /* SWTrifleViewController.swift in Sources */ = {isa = PBXBuildFile; fileRef = DF92D28925AC46B700C8C348 /* SWTrifleViewController.swift */; };
		DF92D28D25AC46D600C8C348 /* SWTextView.swift in Sources */ = {isa = PBXBuildFile; fileRef = DF92D28C25AC46D600C8C348 /* SWTextView.swift */; };
		DF92D28F25AC475000C8C348 /* SWBaseView.swift in Sources */ = {isa = PBXBuildFile; fileRef = DF92D28E25AC475000C8C348 /* SWBaseView.swift */; };
		DF92D29125AC4ADC00C8C348 /* MyUIViewControllerExtension.swift in Sources */ = {isa = PBXBuildFile; fileRef = DF92D29025AC4ADC00C8C348 /* MyUIViewControllerExtension.swift */; };
		DF935A2F248E2DC400B41406 /* SWMainTabBarViewController.swift in Sources */ = {isa = PBXBuildFile; fileRef = DF935A2E248E2DC400B41406 /* SWMainTabBarViewController.swift */; };
		DF935A33248E2E1F00B41406 /* SWBaseViewController.swift in Sources */ = {isa = PBXBuildFile; fileRef = DF935A32248E2E1F00B41406 /* SWBaseViewController.swift */; };
		DF935A35248E351E00B41406 /* SWHomeViewController.swift in Sources */ = {isa = PBXBuildFile; fileRef = DF935A34248E351E00B41406 /* SWHomeViewController.swift */; };
		DF95772624F79220006AED1B /* SWARCViewController.swift in Sources */ = {isa = PBXBuildFile; fileRef = DF95772524F79220006AED1B /* SWARCViewController.swift */; };
		DF9B5FA724EA21F100615116 /* CompositionProtocol.swift in Sources */ = {isa = PBXBuildFile; fileRef = DF9B5FA624EA21F100615116 /* CompositionProtocol.swift */; };
		DF9FF26524D0162D00233774 /* SWInitializationViewController.swift in Sources */ = {isa = PBXBuildFile; fileRef = DF9FF26424D0162D00233774 /* SWInitializationViewController.swift */; };
		DFA44F012498A3210004125B /* SWOperatorViewController.swift in Sources */ = {isa = PBXBuildFile; fileRef = DFA44F002498A3210004125B /* SWOperatorViewController.swift */; };
		DFA44F032498A5E80004125B /* SWBaseNavigationController.swift in Sources */ = {isa = PBXBuildFile; fileRef = DFA44F022498A5E80004125B /* SWBaseNavigationController.swift */; };
		DFA5377125B138160043E536 /* SWAudioLooperViewController.swift in Sources */ = {isa = PBXBuildFile; fileRef = DFA5377025B138160043E536 /* SWAudioLooperViewController.swift */; };
		DFA5377425B13AB70043E536 /* THPlayerController.swift in Sources */ = {isa = PBXBuildFile; fileRef = DFA5377325B13AB70043E536 /* THPlayerController.swift */; };
		DFA5377A25B16B380043E536 /* bass.caf in Resources */ = {isa = PBXBuildFile; fileRef = DFA5377725B16B380043E536 /* bass.caf */; };
		DFA5377B25B16B380043E536 /* guitar.caf in Resources */ = {isa = PBXBuildFile; fileRef = DFA5377825B16B380043E536 /* guitar.caf */; };
		DFA5377C25B16B380043E536 /* drums.caf in Resources */ = {isa = PBXBuildFile; fileRef = DFA5377925B16B380043E536 /* drums.caf */; };
		DFA5377F25B1762B0043E536 /* SWPlayerItemView.swift in Sources */ = {isa = PBXBuildFile; fileRef = DFA5377E25B1762B0043E536 /* SWPlayerItemView.swift */; };
		DFA758C82520364E00EC9476 /* SWOnlyFunctionTypeVC.swift in Sources */ = {isa = PBXBuildFile; fileRef = DFA758C72520364E00EC9476 /* SWOnlyFunctionTypeVC.swift */; };
		DFA857E6251DE18D0053BA59 /* SWEnumViewController.swift in Sources */ = {isa = PBXBuildFile; fileRef = DFA857E5251DE18D0053BA59 /* SWEnumViewController.swift */; };
		DFA8763B24FF30E5000AA0A8 /* SWAccessViewControler.swift in Sources */ = {isa = PBXBuildFile; fileRef = DFA8763A24FF30E5000AA0A8 /* SWAccessViewControler.swift */; };
		DFA9CE55249CA22B002E4C62 /* SWControlFlowViewController.swift in Sources */ = {isa = PBXBuildFile; fileRef = DFA9CE54249CA22B002E4C62 /* SWControlFlowViewController.swift */; };
		DFAF772C254273AA00FBBC61 /* SWTestOCModel.m in Sources */ = {isa = PBXBuildFile; fileRef = DFAF771F254273A900FBBC61 /* SWTestOCModel.m */; };
		DFAF772D254273AA00FBBC61 /* PKProtocolExtension.m in Sources */ = {isa = PBXBuildFile; fileRef = DFAF7722254273A900FBBC61 /* PKProtocolExtension.m */; };
		DFAF772E254273AA00FBBC61 /* UIViewController+SWButtonFunctionIMP.m in Sources */ = {isa = PBXBuildFile; fileRef = DFAF7726254273A900FBBC61 /* UIViewController+SWButtonFunctionIMP.m */; };
		DFAF772F254273AA00FBBC61 /* SWPopOCVC.m in Sources */ = {isa = PBXBuildFile; fileRef = DFAF7727254273A900FBBC61 /* SWPopOCVC.m */; };
		DFAF7730254273AA00FBBC61 /* SWPOPVC.swift in Sources */ = {isa = PBXBuildFile; fileRef = DFAF772A254273A900FBBC61 /* SWPOPVC.swift */; };
		DFAF7731254273AA00FBBC61 /* SWButtonFunction.swift in Sources */ = {isa = PBXBuildFile; fileRef = DFAF772B254273A900FBBC61 /* SWButtonFunction.swift */; };
		DFAF77332542740B00FBBC61 /* SWBottomPopViewController.swift in Sources */ = {isa = PBXBuildFile; fileRef = DFAF77322542740B00FBBC61 /* SWBottomPopViewController.swift */; };
		DFAF77352542767F00FBBC61 /* SWBottomPresentViewController.swift in Sources */ = {isa = PBXBuildFile; fileRef = DFAF77342542767F00FBBC61 /* SWBottomPresentViewController.swift */; };
		DFAF7737254278D500FBBC61 /* SWBottomPresentProtocol.swift in Sources */ = {isa = PBXBuildFile; fileRef = DFAF7736254278D500FBBC61 /* SWBottomPresentProtocol.swift */; };
		DFB4B7CE25108DEA00DFA4E7 /* SWSwiftProgramingChainVC.swift in Sources */ = {isa = PBXBuildFile; fileRef = DFB4B7CD25108DEA00DFA4E7 /* SWSwiftProgramingChainVC.swift */; };
		DFB4B7D025108E4D00DFA4E7 /* SWEncapsulateCoreImageVC.swift in Sources */ = {isa = PBXBuildFile; fileRef = DFB4B7CF25108E4D00DFA4E7 /* SWEncapsulateCoreImageVC.swift */; };
		DFB6C99B2553E3BD008D018E /* ZJBaseDuck.m in Sources */ = {isa = PBXBuildFile; fileRef = DFB6C99A2553E3BD008D018E /* ZJBaseDuck.m */; };
		DFB6C99E2553E4C0008D018E /* ZJAnimalDuck.m in Sources */ = {isa = PBXBuildFile; fileRef = DFB6C99D2553E4C0008D018E /* ZJAnimalDuck.m */; };
		DFB6C9A12553E528008D018E /* ZJRubberDuck.m in Sources */ = {isa = PBXBuildFile; fileRef = DFB6C9A02553E528008D018E /* ZJRubberDuck.m */; };
		DFB6C9A52553E6E3008D018E /* ZJNewAnimalDuck.m in Sources */ = {isa = PBXBuildFile; fileRef = DFB6C9A42553E6E3008D018E /* ZJNewAnimalDuck.m */; };
		DFB6C9A82553E729008D018E /* ZJNewRubberDuck.m in Sources */ = {isa = PBXBuildFile; fileRef = DFB6C9A72553E729008D018E /* ZJNewRubberDuck.m */; };
		DFB6C9AB2553E9D5008D018E /* ZJAbstractDuckFactory.m in Sources */ = {isa = PBXBuildFile; fileRef = DFB6C9AA2553E9D5008D018E /* ZJAbstractDuckFactory.m */; };
		DFC48C2C2531A12A00ABFFD6 /* SWItratorAndSequenceVC.swift in Sources */ = {isa = PBXBuildFile; fileRef = DFC48C2B2531A12A00ABFFD6 /* SWItratorAndSequenceVC.swift */; };
		DFC5C18625A6F01D00AD5BCE /* ZJMySetTypeExtension.swift in Sources */ = {isa = PBXBuildFile; fileRef = DFC5C18525A6F01D00AD5BCE /* ZJMySetTypeExtension.swift */; };
		DFC9191824F5093B00C7EBAF /* OpaqueTypesViewController.swift in Sources */ = {isa = PBXBuildFile; fileRef = DFC9191724F5093B00C7EBAF /* OpaqueTypesViewController.swift */; };
		DFCA904A25A5853600CCCCDA /* ZJMyExtension.swift in Sources */ = {isa = PBXBuildFile; fileRef = DFCA904925A5853600CCCCDA /* ZJMyExtension.swift */; };
		DFCA904C25A5B97500CCCCDA /* SWAlamofireViewController.swift in Sources */ = {isa = PBXBuildFile; fileRef = DFCA904B25A5B97500CCCCDA /* SWAlamofireViewController.swift */; };
		DFD395A525ECD5BD006301DB /* SWLeetCodeListVC.swift in Sources */ = {isa = PBXBuildFile; fileRef = DFD395A425ECD5BD006301DB /* SWLeetCodeListVC.swift */; };
		DFD395A725ECD623006301DB /* SwiftSumLeetCodeVC.swift in Sources */ = {isa = PBXBuildFile; fileRef = DFD395A625ECD623006301DB /* SwiftSumLeetCodeVC.swift */; };
		DFD395A925ECE71E006301DB /* SwiftAddLeetCodeVC.swift in Sources */ = {isa = PBXBuildFile; fileRef = DFD395A825ECE71E006301DB /* SwiftAddLeetCodeVC.swift */; };
		DFD3BA9F249B00560039D46B /* SWDifferentRepresentationVC.swift in Sources */ = {isa = PBXBuildFile; fileRef = DFD3BA9E249B00560039D46B /* SWDifferentRepresentationVC.swift */; };
		DFD3BAA1249B039A0039D46B /* SWDifferentCell.swift in Sources */ = {isa = PBXBuildFile; fileRef = DFD3BAA0249B039A0039D46B /* SWDifferentCell.swift */; };
		DFD3BAA5249B52D70039D46B /* SWCollectionTypesViewController.swift in Sources */ = {isa = PBXBuildFile; fileRef = DFD3BAA4249B52D70039D46B /* SWCollectionTypesViewController.swift */; };
		DFD9380F26B0F65D00FAEBBB /* SWSWReverseIntegerVC.swift in Sources */ = {isa = PBXBuildFile; fileRef = DFD9380E26B0F65D00FAEBBB /* SWSWReverseIntegerVC.swift */; };
		DFD9381126B1239200FAEBBB /* SWPalindromeVC.swift in Sources */ = {isa = PBXBuildFile; fileRef = DFD9381026B1239200FAEBBB /* SWPalindromeVC.swift */; };
		DFDA86AD24E117E1008CBE27 /* SWErrorHandlingViewController.swift in Sources */ = {isa = PBXBuildFile; fileRef = DFDA86AC24E117E1008CBE27 /* SWErrorHandlingViewController.swift */; };
		DFE22E2324C5945E005E3B25 /* SWEnumerationsController.swift in Sources */ = {isa = PBXBuildFile; fileRef = DFE22E2224C5945E005E3B25 /* SWEnumerationsController.swift */; };
		DFF00E9D25AEBD850010EF2A /* SWDisplayAppstoreVC.swift in Sources */ = {isa = PBXBuildFile; fileRef = DFF00E9C25AEBD850010EF2A /* SWDisplayAppstoreVC.swift */; };
		DFF00EA325AEDDFB0010EF2A /* SWAVFoundationListVC.swift in Sources */ = {isa = PBXBuildFile; fileRef = DFF00EA225AEDDFB0010EF2A /* SWAVFoundationListVC.swift */; };
		DFF70DEF24CE6E1F00F58D15 /* SWSubscriptsViewController.swift in Sources */ = {isa = PBXBuildFile; fileRef = DFF70DEE24CE6E1F00F58D15 /* SWSubscriptsViewController.swift */; };
		DFF8C40E25BEBB9900827A5D /* Hubblecast.mov in Resources */ = {isa = PBXBuildFile; fileRef = DFF8C40D25BEBB9900827A5D /* Hubblecast.mov */; };
		DFF961EA24C963F100CBC697 /* SWApplyPropertyWrapperVC.swift in Sources */ = {isa = PBXBuildFile; fileRef = DFF961E924C963F100CBC697 /* SWApplyPropertyWrapperVC.swift */; };
		DFF961ED24C9643F00CBC697 /* SWInputTextCell.swift in Sources */ = {isa = PBXBuildFile; fileRef = DFF961EC24C9643F00CBC697 /* SWInputTextCell.swift */; };
		DFF961EF24C9656700CBC697 /* SWBaseTableViewCell.swift in Sources */ = {isa = PBXBuildFile; fileRef = DFF961EE24C9656700CBC697 /* SWBaseTableViewCell.swift */; };
		DFFADC9F26B004FA0082B0E7 /* SWSecondSmallNodeOfTreeVC.swift in Sources */ = {isa = PBXBuildFile; fileRef = DFFADC9E26B004FA0082B0E7 /* SWSecondSmallNodeOfTreeVC.swift */; };
		E28E4509AC35A9793617225D /* Pods_LearnSwift.framework in Frameworks */ = {isa = PBXBuildFile; fileRef = AD6EA33BB5E571148CF89C2E /* Pods_LearnSwift.framework */; };
/* End PBXBuildFile section */

/* Begin PBXFileReference section */
		4BABB26F7F58DDD6C4AD137A /* Pods-LearnSwift.release.xcconfig */ = {isa = PBXFileReference; includeInIndex = 1; lastKnownFileType = text.xcconfig; name = "Pods-LearnSwift.release.xcconfig"; path = "Target Support Files/Pods-LearnSwift/Pods-LearnSwift.release.xcconfig"; sourceTree = "<group>"; };
		86951FF1EBF308998EF79221 /* Pods-LearnSwift.debug.xcconfig */ = {isa = PBXFileReference; includeInIndex = 1; lastKnownFileType = text.xcconfig; name = "Pods-LearnSwift.debug.xcconfig"; path = "Target Support Files/Pods-LearnSwift/Pods-LearnSwift.debug.xcconfig"; sourceTree = "<group>"; };
		AD6EA33BB5E571148CF89C2E /* Pods_LearnSwift.framework */ = {isa = PBXFileReference; explicitFileType = wrapper.framework; includeInIndex = 0; path = Pods_LearnSwift.framework; sourceTree = BUILT_PRODUCTS_DIR; };
		DF0063A924F39FF200B6153F /* CustomLog.swift */ = {isa = PBXFileReference; lastKnownFileType = sourcecode.swift; path = CustomLog.swift; sourceTree = "<group>"; };
		DF142D992511A9740095AAFD /* SWMapFilterReduceVC.swift */ = {isa = PBXFileReference; lastKnownFileType = sourcecode.swift; path = SWMapFilterReduceVC.swift; sourceTree = "<group>"; };
		DF146D1825AD466A006F21BC /* ResultProtocol.swift */ = {isa = PBXFileReference; lastKnownFileType = sourcecode.swift; path = ResultProtocol.swift; sourceTree = "<group>"; };
		DF1B6B8825071F0300B68527 /* SWSwiftAdvancedTipsViewControler.swift */ = {isa = PBXFileReference; lastKnownFileType = sourcecode.swift; path = SWSwiftAdvancedTipsViewControler.swift; sourceTree = "<group>"; };
		DF1FAEBA25B801E700CB7860 /* THRecorderController.swift */ = {isa = PBXFileReference; lastKnownFileType = sourcecode.swift; path = THRecorderController.swift; sourceTree = "<group>"; };
		DF1FAEBD25B8110100CB7860 /* THMemo.swift */ = {isa = PBXFileReference; lastKnownFileType = sourcecode.swift; path = THMemo.swift; sourceTree = "<group>"; };
		DF2A7F8125B025F800A23597 /* SWBaseTableHeaderFooterView.swift */ = {isa = PBXFileReference; lastKnownFileType = sourcecode.swift; path = SWBaseTableHeaderFooterView.swift; sourceTree = "<group>"; };
		DF2A7F8425B0269100A23597 /* SWSubViewsProtocol.swift */ = {isa = PBXFileReference; lastKnownFileType = sourcecode.swift; path = SWSubViewsProtocol.swift; sourceTree = "<group>"; };
		DF2A7F8625B0291F00A23597 /* SWAVFoundationReuseHeaderView.swift */ = {isa = PBXFileReference; lastKnownFileType = sourcecode.swift; path = SWAVFoundationReuseHeaderView.swift; sourceTree = "<group>"; };
		DF2A7F8825B02A5E00A23597 /* SWAvfoundationModel.swift */ = {isa = PBXFileReference; lastKnownFileType = sourcecode.swift; path = SWAvfoundationModel.swift; sourceTree = "<group>"; };
		DF2A7F8B25B047D100A23597 /* 泡沫.mp3 */ = {isa = PBXFileReference; lastKnownFileType = audio.mp3; path = "泡沫.mp3"; sourceTree = "<group>"; };
		DF2C7A23251C8AE400B97485 /* SWPOPTableViewCell.swift */ = {isa = PBXFileReference; lastKnownFileType = sourcecode.swift; path = SWPOPTableViewCell.swift; sourceTree = "<group>"; };
		DF2C7A24251C8AE400B97485 /* SWPOPTableViewCell.xib */ = {isa = PBXFileReference; lastKnownFileType = file.xib; path = SWPOPTableViewCell.xib; sourceTree = "<group>"; };
		DF37AF7424A9882A00C5EA37 /* SWFindViewController.swift */ = {isa = PBXFileReference; lastKnownFileType = sourcecode.swift; path = SWFindViewController.swift; sourceTree = "<group>"; };
		DF37AF7924A9CE5700C5EA37 /* SWFunctionsViewController.swift */ = {isa = PBXFileReference; lastKnownFileType = sourcecode.swift; path = SWFunctionsViewController.swift; sourceTree = "<group>"; };
		DF388E9125CBC099000E6058 /* SWImproveWKWebViewController.swift */ = {isa = PBXFileReference; lastKnownFileType = sourcecode.swift; path = SWImproveWKWebViewController.swift; sourceTree = "<group>"; };
		DF388E9425CBC14C000E6058 /* ZJWebViewPool.swift */ = {isa = PBXFileReference; lastKnownFileType = sourcecode.swift; path = ZJWebViewPool.swift; sourceTree = "<group>"; };
		DF388EF825CBC829000E6058 /* ZJWebView.swift */ = {isa = PBXFileReference; lastKnownFileType = sourcecode.swift; path = ZJWebView.swift; sourceTree = "<group>"; };
		DF388EFA25CBE57A000E6058 /* ZJSPNotiCallBackHolder.swift */ = {isa = PBXFileReference; lastKnownFileType = sourcecode.swift; path = ZJSPNotiCallBackHolder.swift; sourceTree = "<group>"; };
		DF388EFC25CBEE53000E6058 /* SWNoImproveWKWebViewController.swift */ = {isa = PBXFileReference; lastKnownFileType = sourcecode.swift; path = SWNoImproveWKWebViewController.swift; sourceTree = "<group>"; };
		DF388EFE25CBF5B8000E6058 /* white.html */ = {isa = PBXFileReference; fileEncoding = 4; lastKnownFileType = text.html; path = white.html; sourceTree = "<group>"; };
		DF3ED2A424EFBA390083F870 /* SWGenericsViewController.swift */ = {isa = PBXFileReference; lastKnownFileType = sourcecode.swift; path = SWGenericsViewController.swift; sourceTree = "<group>"; };
		DF41DB6224E3FA90009C117A /* SWProtocolsViewController.swift */ = {isa = PBXFileReference; lastKnownFileType = sourcecode.swift; path = SWProtocolsViewController.swift; sourceTree = "<group>"; };
		DF460E8924E22EDC006CB24C /* SWExtensionsViewController.swift */ = {isa = PBXFileReference; lastKnownFileType = sourcecode.swift; path = SWExtensionsViewController.swift; sourceTree = "<group>"; };
		DF460E8C24E23347006CB24C /* Extensions.swift */ = {isa = PBXFileReference; lastKnownFileType = sourcecode.swift; path = Extensions.swift; sourceTree = "<group>"; };
		DF476FB525BFA6D40088E7CE /* OurSouvenir.mp3 */ = {isa = PBXFileReference; lastKnownFileType = audio.mp3; path = OurSouvenir.mp3; sourceTree = "<group>"; };
		DF476FB725BFA82A0088E7CE /* 2.mp3 */ = {isa = PBXFileReference; lastKnownFileType = audio.mp3; path = 2.mp3; sourceTree = "<group>"; };
		DF4944E524E4E586002D3675 /* Protocol.swift */ = {isa = PBXFileReference; lastKnownFileType = sourcecode.swift; path = Protocol.swift; sourceTree = "<group>"; };
		DF4BA20E25B91626007D071E /* SWRecorderHeaderView.swift */ = {isa = PBXFileReference; lastKnownFileType = sourcecode.swift; path = SWRecorderHeaderView.swift; sourceTree = "<group>"; };
		DF4BA21225B9219C007D071E /* SWRecorderItemCellTableViewCell.swift */ = {isa = PBXFileReference; lastKnownFileType = sourcecode.swift; path = SWRecorderItemCellTableViewCell.swift; sourceTree = "<group>"; };
		DF4BA21325B9219C007D071E /* SWRecorderItemCellTableViewCell.xib */ = {isa = PBXFileReference; lastKnownFileType = file.xib; path = SWRecorderItemCellTableViewCell.xib; sourceTree = "<group>"; };
		DF4BA21725B95110007D071E /* ZJSPTimerManger.swift */ = {isa = PBXFileReference; fileEncoding = 4; lastKnownFileType = sourcecode.swift; path = ZJSPTimerManger.swift; sourceTree = "<group>"; };
		DF5528F625BA6DD100E5BF8B /* SWLevelPair.swift */ = {isa = PBXFileReference; lastKnownFileType = sourcecode.swift; path = SWLevelPair.swift; sourceTree = "<group>"; };
		DF5528F925BA6E9A00E5BF8B /* SWMeterTable.swift */ = {isa = PBXFileReference; lastKnownFileType = sourcecode.swift; path = SWMeterTable.swift; sourceTree = "<group>"; };
		DF5528FB25BA724000E5BF8B /* THLevelMeterColorThreshold.swift */ = {isa = PBXFileReference; lastKnownFileType = sourcecode.swift; path = THLevelMeterColorThreshold.swift; sourceTree = "<group>"; };
		DF5528FD25BA734200E5BF8B /* SWLevelMeterView.swift */ = {isa = PBXFileReference; lastKnownFileType = sourcecode.swift; path = SWLevelMeterView.swift; sourceTree = "<group>"; };
		DF5AC00025187E6A00EF238F /* SWOptionalValueVC.swift */ = {isa = PBXFileReference; lastKnownFileType = sourcecode.swift; path = SWOptionalValueVC.swift; sourceTree = "<group>"; };
		DF5C80BD24C7DDE20040D7D8 /* SWPropertiesViewController.swift */ = {isa = PBXFileReference; lastKnownFileType = sourcecode.swift; path = SWPropertiesViewController.swift; sourceTree = "<group>"; };
		DF5FE2CA251B1B6A00C83FBE /* SWConstantValueVC.swift */ = {isa = PBXFileReference; lastKnownFileType = sourcecode.swift; path = SWConstantValueVC.swift; sourceTree = "<group>"; };
		DF5FE2CC251B449000C83FBE /* SWOptionalValueCell.swift */ = {isa = PBXFileReference; lastKnownFileType = sourcecode.swift; path = SWOptionalValueCell.swift; sourceTree = "<group>"; };
		DF5FE2CD251B449000C83FBE /* SWOptionalValueCell.xib */ = {isa = PBXFileReference; lastKnownFileType = file.xib; path = SWOptionalValueCell.xib; sourceTree = "<group>"; };
		DF65D6E0250B570C00A9FB43 /* SWBookListViewController.swift */ = {isa = PBXFileReference; lastKnownFileType = sourcecode.swift; path = SWBookListViewController.swift; sourceTree = "<group>"; };
		DF7103BF247B6E3A00B859CF /* LearnSwift.app */ = {isa = PBXFileReference; explicitFileType = wrapper.application; includeInIndex = 0; path = LearnSwift.app; sourceTree = BUILT_PRODUCTS_DIR; };
		DF7103C2247B6E3A00B859CF /* AppDelegate.swift */ = {isa = PBXFileReference; lastKnownFileType = sourcecode.swift; path = AppDelegate.swift; sourceTree = "<group>"; };
		DF7103C4247B6E3A00B859CF /* SceneDelegate.swift */ = {isa = PBXFileReference; lastKnownFileType = sourcecode.swift; path = SceneDelegate.swift; sourceTree = "<group>"; };
		DF7103C6247B6E3A00B859CF /* ViewController.swift */ = {isa = PBXFileReference; lastKnownFileType = sourcecode.swift; path = ViewController.swift; sourceTree = "<group>"; };
		DF7103C9247B6E3A00B859CF /* Base */ = {isa = PBXFileReference; lastKnownFileType = file.storyboard; name = Base; path = Base.lproj/Main.storyboard; sourceTree = "<group>"; };
		DF7103CB247B6E3C00B859CF /* Assets.xcassets */ = {isa = PBXFileReference; lastKnownFileType = folder.assetcatalog; path = Assets.xcassets; sourceTree = "<group>"; };
		DF7103CE247B6E3C00B859CF /* Base */ = {isa = PBXFileReference; lastKnownFileType = file.storyboard; name = Base; path = Base.lproj/LaunchScreen.storyboard; sourceTree = "<group>"; };
		DF7103D0247B6E3C00B859CF /* Info.plist */ = {isa = PBXFileReference; lastKnownFileType = text.plist.xml; path = Info.plist; sourceTree = "<group>"; };
		DF7103D8247B6FC200B859CF /* LetAndVar.playground */ = {isa = PBXFileReference; lastKnownFileType = file.playground; path = LetAndVar.playground; sourceTree = "<group>"; xcLanguageSpecificationIdentifier = xcode.lang.swift; };
		DF7103D9247BBFAD00B859CF /* FunctionAndClosure.playground */ = {isa = PBXFileReference; lastKnownFileType = file.playground; path = FunctionAndClosure.playground; sourceTree = "<group>"; xcLanguageSpecificationIdentifier = xcode.lang.swift; };
		DF7267AD25B0245B0091AC46 /* SWBookLitstItem.swift */ = {isa = PBXFileReference; fileEncoding = 4; lastKnownFileType = sourcecode.swift; path = SWBookLitstItem.swift; sourceTree = "<group>"; };
		DF809D97253057B800586559 /* SWDrawChartVC.swift */ = {isa = PBXFileReference; lastKnownFileType = sourcecode.swift; path = SWDrawChartVC.swift; sourceTree = "<group>"; };
		DF809D9925305D1500586559 /* SWUtilExtension.swift */ = {isa = PBXFileReference; lastKnownFileType = sourcecode.swift; path = SWUtilExtension.swift; sourceTree = "<group>"; };
		DF82260B247FD3E800E105F3 /* EnumerationsAndStructures.playground */ = {isa = PBXFileReference; lastKnownFileType = file.playground; path = EnumerationsAndStructures.playground; sourceTree = "<group>"; xcLanguageSpecificationIdentifier = xcode.lang.swift; };
		DF857A4E25B6DB9E00BF2F03 /* SWAudioRecorderViewController.swift */ = {isa = PBXFileReference; lastKnownFileType = sourcecode.swift; path = SWAudioRecorderViewController.swift; sourceTree = "<group>"; };
		DF85AFCF254669180038F1A7 /* SWPresentationViewController.h */ = {isa = PBXFileReference; lastKnownFileType = sourcecode.c.h; path = SWPresentationViewController.h; sourceTree = "<group>"; };
		DF85AFD0254669180038F1A7 /* SWPresentationViewController.m */ = {isa = PBXFileReference; lastKnownFileType = sourcecode.c.objc; path = SWPresentationViewController.m; sourceTree = "<group>"; };
		DF85AFD225466B900038F1A7 /* SWAppTools.h */ = {isa = PBXFileReference; lastKnownFileType = sourcecode.c.h; path = SWAppTools.h; sourceTree = "<group>"; };
		DF85AFD325466B900038F1A7 /* SWAppTools.m */ = {isa = PBXFileReference; lastKnownFileType = sourcecode.c.objc; path = SWAppTools.m; sourceTree = "<group>"; };
		DF85AFD525466C590038F1A7 /* UIViewController+SWPresentationTools.h */ = {isa = PBXFileReference; lastKnownFileType = sourcecode.c.h; path = "UIViewController+SWPresentationTools.h"; sourceTree = "<group>"; };
		DF85AFD625466C590038F1A7 /* UIViewController+SWPresentationTools.m */ = {isa = PBXFileReference; lastKnownFileType = sourcecode.c.objc; path = "UIViewController+SWPresentationTools.m"; sourceTree = "<group>"; };
		DF85AFDB254676560038F1A7 /* SWBottomPopOCViewController.h */ = {isa = PBXFileReference; lastKnownFileType = sourcecode.c.h; path = SWBottomPopOCViewController.h; sourceTree = "<group>"; };
		DF85AFDC254676560038F1A7 /* SWBottomPopOCViewController.m */ = {isa = PBXFileReference; lastKnownFileType = sourcecode.c.objc; path = SWBottomPopOCViewController.m; sourceTree = "<group>"; };
		DF8C4F5125C0FE2B0090DBE2 /* SWAVFoundationListVCExtension.swift */ = {isa = PBXFileReference; lastKnownFileType = sourcecode.swift; path = SWAVFoundationListVCExtension.swift; sourceTree = "<group>"; };
		DF8C4F5525C107460090DBE2 /* 曹操.mp4 */ = {isa = PBXFileReference; lastKnownFileType = file; path = "曹操.mp4"; sourceTree = "<group>"; };
		DF8C4F5725C134E70090DBE2 /* SWCreateVideoViewController.swift */ = {isa = PBXFileReference; lastKnownFileType = sourcecode.swift; path = SWCreateVideoViewController.swift; sourceTree = "<group>"; };
		DF8C4F5925C1359C0090DBE2 /* SWPlayerView.swift */ = {isa = PBXFileReference; lastKnownFileType = sourcecode.swift; path = SWPlayerView.swift; sourceTree = "<group>"; };
		DF8C4F5D25C13F500090DBE2 /* SWOverLayerView.swift */ = {isa = PBXFileReference; lastKnownFileType = sourcecode.swift; path = SWOverLayerView.swift; sourceTree = "<group>"; };
		DF8C4F5F25C13F680090DBE2 /* SWTransport.swift */ = {isa = PBXFileReference; lastKnownFileType = sourcecode.swift; path = SWTransport.swift; sourceTree = "<group>"; };
		DF92D28825AC46B700C8C348 /* SWSwiftResultUseSceneVC.swift */ = {isa = PBXFileReference; fileEncoding = 4; lastKnownFileType = sourcecode.swift; path = SWSwiftResultUseSceneVC.swift; sourceTree = "<group>"; };
		DF92D28925AC46B700C8C348 /* SWTrifleViewController.swift */ = {isa = PBXFileReference; fileEncoding = 4; lastKnownFileType = sourcecode.swift; path = SWTrifleViewController.swift; sourceTree = "<group>"; };
		DF92D28C25AC46D600C8C348 /* SWTextView.swift */ = {isa = PBXFileReference; lastKnownFileType = sourcecode.swift; path = SWTextView.swift; sourceTree = "<group>"; };
		DF92D28E25AC475000C8C348 /* SWBaseView.swift */ = {isa = PBXFileReference; lastKnownFileType = sourcecode.swift; path = SWBaseView.swift; sourceTree = "<group>"; };
		DF92D29025AC4ADC00C8C348 /* MyUIViewControllerExtension.swift */ = {isa = PBXFileReference; lastKnownFileType = sourcecode.swift; path = MyUIViewControllerExtension.swift; sourceTree = "<group>"; };
		DF935A2E248E2DC400B41406 /* SWMainTabBarViewController.swift */ = {isa = PBXFileReference; lastKnownFileType = sourcecode.swift; path = SWMainTabBarViewController.swift; sourceTree = "<group>"; };
		DF935A32248E2E1F00B41406 /* SWBaseViewController.swift */ = {isa = PBXFileReference; lastKnownFileType = sourcecode.swift; path = SWBaseViewController.swift; sourceTree = "<group>"; };
		DF935A34248E351E00B41406 /* SWHomeViewController.swift */ = {isa = PBXFileReference; lastKnownFileType = sourcecode.swift; path = SWHomeViewController.swift; sourceTree = "<group>"; };
		DF95772524F79220006AED1B /* SWARCViewController.swift */ = {isa = PBXFileReference; lastKnownFileType = sourcecode.swift; path = SWARCViewController.swift; sourceTree = "<group>"; };
		DF9831F025831870004FD6E8 /* ZJInheritHeader.h */ = {isa = PBXFileReference; lastKnownFileType = sourcecode.c.h; path = ZJInheritHeader.h; sourceTree = "<group>"; };
		DF9831F12583199C004FD6E8 /* ZJProtocolHeader.h */ = {isa = PBXFileReference; lastKnownFileType = sourcecode.c.h; path = ZJProtocolHeader.h; sourceTree = "<group>"; };
		DF9B5FA624EA21F100615116 /* CompositionProtocol.swift */ = {isa = PBXFileReference; lastKnownFileType = sourcecode.swift; path = CompositionProtocol.swift; sourceTree = "<group>"; };
		DF9FF26424D0162D00233774 /* SWInitializationViewController.swift */ = {isa = PBXFileReference; lastKnownFileType = sourcecode.swift; path = SWInitializationViewController.swift; sourceTree = "<group>"; };
		DFA44F002498A3210004125B /* SWOperatorViewController.swift */ = {isa = PBXFileReference; lastKnownFileType = sourcecode.swift; path = SWOperatorViewController.swift; sourceTree = "<group>"; };
		DFA44F022498A5E80004125B /* SWBaseNavigationController.swift */ = {isa = PBXFileReference; lastKnownFileType = sourcecode.swift; path = SWBaseNavigationController.swift; sourceTree = "<group>"; };
		DFA5377025B138160043E536 /* SWAudioLooperViewController.swift */ = {isa = PBXFileReference; lastKnownFileType = sourcecode.swift; path = SWAudioLooperViewController.swift; sourceTree = "<group>"; };
		DFA5377325B13AB70043E536 /* THPlayerController.swift */ = {isa = PBXFileReference; lastKnownFileType = sourcecode.swift; path = THPlayerController.swift; sourceTree = "<group>"; };
		DFA5377725B16B380043E536 /* bass.caf */ = {isa = PBXFileReference; lastKnownFileType = file; path = bass.caf; sourceTree = "<group>"; };
		DFA5377825B16B380043E536 /* guitar.caf */ = {isa = PBXFileReference; lastKnownFileType = file; path = guitar.caf; sourceTree = "<group>"; };
		DFA5377925B16B380043E536 /* drums.caf */ = {isa = PBXFileReference; lastKnownFileType = file; path = drums.caf; sourceTree = "<group>"; };
		DFA5377E25B1762B0043E536 /* SWPlayerItemView.swift */ = {isa = PBXFileReference; lastKnownFileType = sourcecode.swift; path = SWPlayerItemView.swift; sourceTree = "<group>"; };
		DFA758C72520364E00EC9476 /* SWOnlyFunctionTypeVC.swift */ = {isa = PBXFileReference; lastKnownFileType = sourcecode.swift; path = SWOnlyFunctionTypeVC.swift; sourceTree = "<group>"; };
		DFA857C9251D82180053BA59 /* LearnSwift-Bridging-Header.h */ = {isa = PBXFileReference; lastKnownFileType = sourcecode.c.h; path = "LearnSwift-Bridging-Header.h"; sourceTree = "<group>"; };
		DFA857CD251D8E140053BA59 /* SWUseSwiftFileHeader.h */ = {isa = PBXFileReference; lastKnownFileType = sourcecode.c.h; path = SWUseSwiftFileHeader.h; sourceTree = "<group>"; };
		DFA857E5251DE18D0053BA59 /* SWEnumViewController.swift */ = {isa = PBXFileReference; lastKnownFileType = sourcecode.swift; path = SWEnumViewController.swift; sourceTree = "<group>"; };
		DFA8763A24FF30E5000AA0A8 /* SWAccessViewControler.swift */ = {isa = PBXFileReference; lastKnownFileType = sourcecode.swift; path = SWAccessViewControler.swift; sourceTree = "<group>"; };
		DFA9CE54249CA22B002E4C62 /* SWControlFlowViewController.swift */ = {isa = PBXFileReference; lastKnownFileType = sourcecode.swift; path = SWControlFlowViewController.swift; sourceTree = "<group>"; };
		DFAF771E254273A900FBBC61 /* SWPopOCVC.h */ = {isa = PBXFileReference; fileEncoding = 4; lastKnownFileType = sourcecode.c.h; path = SWPopOCVC.h; sourceTree = "<group>"; };
		DFAF771F254273A900FBBC61 /* SWTestOCModel.m */ = {isa = PBXFileReference; fileEncoding = 4; lastKnownFileType = sourcecode.c.objc; path = SWTestOCModel.m; sourceTree = "<group>"; };
		DFAF7720254273A900FBBC61 /* UIViewController+SWButtonFunctionIMP.h */ = {isa = PBXFileReference; fileEncoding = 4; lastKnownFileType = sourcecode.c.h; path = "UIViewController+SWButtonFunctionIMP.h"; sourceTree = "<group>"; };
		DFAF7722254273A900FBBC61 /* PKProtocolExtension.m */ = {isa = PBXFileReference; fileEncoding = 4; lastKnownFileType = sourcecode.c.objc; path = PKProtocolExtension.m; sourceTree = "<group>"; };
		DFAF7723254273A900FBBC61 /* PKProtocolExtension.h */ = {isa = PBXFileReference; fileEncoding = 4; lastKnownFileType = sourcecode.c.h; path = PKProtocolExtension.h; sourceTree = "<group>"; };
		DFAF7724254273A900FBBC61 /* ProtocolKit.h */ = {isa = PBXFileReference; fileEncoding = 4; lastKnownFileType = sourcecode.c.h; path = ProtocolKit.h; sourceTree = "<group>"; };
		DFAF7725254273A900FBBC61 /* SWButtonFunction.h */ = {isa = PBXFileReference; fileEncoding = 4; lastKnownFileType = sourcecode.c.h; path = SWButtonFunction.h; sourceTree = "<group>"; };
		DFAF7726254273A900FBBC61 /* UIViewController+SWButtonFunctionIMP.m */ = {isa = PBXFileReference; fileEncoding = 4; lastKnownFileType = sourcecode.c.objc; path = "UIViewController+SWButtonFunctionIMP.m"; sourceTree = "<group>"; };
		DFAF7727254273A900FBBC61 /* SWPopOCVC.m */ = {isa = PBXFileReference; fileEncoding = 4; lastKnownFileType = sourcecode.c.objc; path = SWPopOCVC.m; sourceTree = "<group>"; };
		DFAF7728254273A900FBBC61 /* SWTestOCModel.h */ = {isa = PBXFileReference; fileEncoding = 4; lastKnownFileType = sourcecode.c.h; path = SWTestOCModel.h; sourceTree = "<group>"; };
		DFAF772A254273A900FBBC61 /* SWPOPVC.swift */ = {isa = PBXFileReference; fileEncoding = 4; lastKnownFileType = sourcecode.swift; path = SWPOPVC.swift; sourceTree = "<group>"; };
		DFAF772B254273A900FBBC61 /* SWButtonFunction.swift */ = {isa = PBXFileReference; fileEncoding = 4; lastKnownFileType = sourcecode.swift; path = SWButtonFunction.swift; sourceTree = "<group>"; };
		DFAF77322542740B00FBBC61 /* SWBottomPopViewController.swift */ = {isa = PBXFileReference; lastKnownFileType = sourcecode.swift; path = SWBottomPopViewController.swift; sourceTree = "<group>"; };
		DFAF77342542767F00FBBC61 /* SWBottomPresentViewController.swift */ = {isa = PBXFileReference; lastKnownFileType = sourcecode.swift; path = SWBottomPresentViewController.swift; sourceTree = "<group>"; };
		DFAF7736254278D500FBBC61 /* SWBottomPresentProtocol.swift */ = {isa = PBXFileReference; lastKnownFileType = sourcecode.swift; path = SWBottomPresentProtocol.swift; sourceTree = "<group>"; };
		DFB4B7CD25108DEA00DFA4E7 /* SWSwiftProgramingChainVC.swift */ = {isa = PBXFileReference; fileEncoding = 4; lastKnownFileType = sourcecode.swift; path = SWSwiftProgramingChainVC.swift; sourceTree = "<group>"; };
		DFB4B7CF25108E4D00DFA4E7 /* SWEncapsulateCoreImageVC.swift */ = {isa = PBXFileReference; lastKnownFileType = sourcecode.swift; path = SWEncapsulateCoreImageVC.swift; sourceTree = "<group>"; };
		DFB6C9992553E3BD008D018E /* ZJBaseDuck.h */ = {isa = PBXFileReference; lastKnownFileType = sourcecode.c.h; path = ZJBaseDuck.h; sourceTree = "<group>"; };
		DFB6C99A2553E3BD008D018E /* ZJBaseDuck.m */ = {isa = PBXFileReference; lastKnownFileType = sourcecode.c.objc; path = ZJBaseDuck.m; sourceTree = "<group>"; };
		DFB6C99C2553E4C0008D018E /* ZJAnimalDuck.h */ = {isa = PBXFileReference; lastKnownFileType = sourcecode.c.h; path = ZJAnimalDuck.h; sourceTree = "<group>"; };
		DFB6C99D2553E4C0008D018E /* ZJAnimalDuck.m */ = {isa = PBXFileReference; lastKnownFileType = sourcecode.c.objc; path = ZJAnimalDuck.m; sourceTree = "<group>"; };
		DFB6C99F2553E528008D018E /* ZJRubberDuck.h */ = {isa = PBXFileReference; lastKnownFileType = sourcecode.c.h; path = ZJRubberDuck.h; sourceTree = "<group>"; };
		DFB6C9A02553E528008D018E /* ZJRubberDuck.m */ = {isa = PBXFileReference; lastKnownFileType = sourcecode.c.objc; path = ZJRubberDuck.m; sourceTree = "<group>"; };
		DFB6C9A22553E650008D018E /* ZJDuckProtocol.h */ = {isa = PBXFileReference; lastKnownFileType = sourcecode.c.h; path = ZJDuckProtocol.h; sourceTree = "<group>"; };
		DFB6C9A32553E6E3008D018E /* ZJNewAnimalDuck.h */ = {isa = PBXFileReference; lastKnownFileType = sourcecode.c.h; path = ZJNewAnimalDuck.h; sourceTree = "<group>"; };
		DFB6C9A42553E6E3008D018E /* ZJNewAnimalDuck.m */ = {isa = PBXFileReference; lastKnownFileType = sourcecode.c.objc; path = ZJNewAnimalDuck.m; sourceTree = "<group>"; };
		DFB6C9A62553E729008D018E /* ZJNewRubberDuck.h */ = {isa = PBXFileReference; lastKnownFileType = sourcecode.c.h; path = ZJNewRubberDuck.h; sourceTree = "<group>"; };
		DFB6C9A72553E729008D018E /* ZJNewRubberDuck.m */ = {isa = PBXFileReference; lastKnownFileType = sourcecode.c.objc; path = ZJNewRubberDuck.m; sourceTree = "<group>"; };
		DFB6C9A92553E9D5008D018E /* ZJAbstractDuckFactory.h */ = {isa = PBXFileReference; lastKnownFileType = sourcecode.c.h; path = ZJAbstractDuckFactory.h; sourceTree = "<group>"; };
		DFB6C9AA2553E9D5008D018E /* ZJAbstractDuckFactory.m */ = {isa = PBXFileReference; lastKnownFileType = sourcecode.c.objc; path = ZJAbstractDuckFactory.m; sourceTree = "<group>"; };
		DFC48C2B2531A12A00ABFFD6 /* SWItratorAndSequenceVC.swift */ = {isa = PBXFileReference; lastKnownFileType = sourcecode.swift; path = SWItratorAndSequenceVC.swift; sourceTree = "<group>"; };
		DFC5C18525A6F01D00AD5BCE /* ZJMySetTypeExtension.swift */ = {isa = PBXFileReference; lastKnownFileType = sourcecode.swift; path = ZJMySetTypeExtension.swift; sourceTree = "<group>"; };
		DFC9191724F5093B00C7EBAF /* OpaqueTypesViewController.swift */ = {isa = PBXFileReference; lastKnownFileType = sourcecode.swift; path = OpaqueTypesViewController.swift; sourceTree = "<group>"; };
		DFCA904925A5853600CCCCDA /* ZJMyExtension.swift */ = {isa = PBXFileReference; lastKnownFileType = sourcecode.swift; path = ZJMyExtension.swift; sourceTree = "<group>"; };
		DFCA904B25A5B97500CCCCDA /* SWAlamofireViewController.swift */ = {isa = PBXFileReference; lastKnownFileType = sourcecode.swift; path = SWAlamofireViewController.swift; sourceTree = "<group>"; };
		DFD395A425ECD5BD006301DB /* SWLeetCodeListVC.swift */ = {isa = PBXFileReference; lastKnownFileType = sourcecode.swift; path = SWLeetCodeListVC.swift; sourceTree = "<group>"; };
		DFD395A625ECD623006301DB /* SwiftSumLeetCodeVC.swift */ = {isa = PBXFileReference; lastKnownFileType = sourcecode.swift; path = SwiftSumLeetCodeVC.swift; sourceTree = "<group>"; };
		DFD395A825ECE71E006301DB /* SwiftAddLeetCodeVC.swift */ = {isa = PBXFileReference; lastKnownFileType = sourcecode.swift; path = SwiftAddLeetCodeVC.swift; sourceTree = "<group>"; };
		DFD3BA9E249B00560039D46B /* SWDifferentRepresentationVC.swift */ = {isa = PBXFileReference; lastKnownFileType = sourcecode.swift; path = SWDifferentRepresentationVC.swift; sourceTree = "<group>"; };
		DFD3BAA0249B039A0039D46B /* SWDifferentCell.swift */ = {isa = PBXFileReference; lastKnownFileType = sourcecode.swift; path = SWDifferentCell.swift; sourceTree = "<group>"; };
		DFD3BAA4249B52D70039D46B /* SWCollectionTypesViewController.swift */ = {isa = PBXFileReference; lastKnownFileType = sourcecode.swift; path = SWCollectionTypesViewController.swift; sourceTree = "<group>"; };
		DFD9380E26B0F65D00FAEBBB /* SWSWReverseIntegerVC.swift */ = {isa = PBXFileReference; lastKnownFileType = sourcecode.swift; path = SWSWReverseIntegerVC.swift; sourceTree = "<group>"; };
		DFD9381026B1239200FAEBBB /* SWPalindromeVC.swift */ = {isa = PBXFileReference; lastKnownFileType = sourcecode.swift; path = SWPalindromeVC.swift; sourceTree = "<group>"; };
		DFDA86AC24E117E1008CBE27 /* SWErrorHandlingViewController.swift */ = {isa = PBXFileReference; lastKnownFileType = sourcecode.swift; path = SWErrorHandlingViewController.swift; sourceTree = "<group>"; };
		DFE22E2224C5945E005E3B25 /* SWEnumerationsController.swift */ = {isa = PBXFileReference; lastKnownFileType = sourcecode.swift; path = SWEnumerationsController.swift; sourceTree = "<group>"; };
		DFF00E9C25AEBD850010EF2A /* SWDisplayAppstoreVC.swift */ = {isa = PBXFileReference; lastKnownFileType = sourcecode.swift; path = SWDisplayAppstoreVC.swift; sourceTree = "<group>"; };
		DFF00EA225AEDDFB0010EF2A /* SWAVFoundationListVC.swift */ = {isa = PBXFileReference; lastKnownFileType = sourcecode.swift; path = SWAVFoundationListVC.swift; sourceTree = "<group>"; };
		DFF70DEE24CE6E1F00F58D15 /* SWSubscriptsViewController.swift */ = {isa = PBXFileReference; lastKnownFileType = sourcecode.swift; path = SWSubscriptsViewController.swift; sourceTree = "<group>"; };
		DFF8C40D25BEBB9900827A5D /* Hubblecast.mov */ = {isa = PBXFileReference; lastKnownFileType = video.quicktime; path = Hubblecast.mov; sourceTree = "<group>"; };
		DFF961E924C963F100CBC697 /* SWApplyPropertyWrapperVC.swift */ = {isa = PBXFileReference; lastKnownFileType = sourcecode.swift; path = SWApplyPropertyWrapperVC.swift; sourceTree = "<group>"; };
		DFF961EC24C9643F00CBC697 /* SWInputTextCell.swift */ = {isa = PBXFileReference; lastKnownFileType = sourcecode.swift; path = SWInputTextCell.swift; sourceTree = "<group>"; };
		DFF961EE24C9656700CBC697 /* SWBaseTableViewCell.swift */ = {isa = PBXFileReference; lastKnownFileType = sourcecode.swift; path = SWBaseTableViewCell.swift; sourceTree = "<group>"; };
		DFFADC9E26B004FA0082B0E7 /* SWSecondSmallNodeOfTreeVC.swift */ = {isa = PBXFileReference; lastKnownFileType = sourcecode.swift; path = SWSecondSmallNodeOfTreeVC.swift; sourceTree = "<group>"; };
/* End PBXFileReference section */

/* Begin PBXFrameworksBuildPhase section */
		DF7103BC247B6E3A00B859CF /* Frameworks */ = {
			isa = PBXFrameworksBuildPhase;
			buildActionMask = 2147483647;
			files = (
				E28E4509AC35A9793617225D /* Pods_LearnSwift.framework in Frameworks */,
			);
			runOnlyForDeploymentPostprocessing = 0;
		};
/* End PBXFrameworksBuildPhase section */

/* Begin PBXGroup section */
		5C6B58645C824621DA67F123 /* Frameworks */ = {
			isa = PBXGroup;
			children = (
				AD6EA33BB5E571148CF89C2E /* Pods_LearnSwift.framework */,
			);
			name = Frameworks;
			sourceTree = "<group>";
		};
		7FE1F430D225B78110332233 /* Pods */ = {
			isa = PBXGroup;
			children = (
				86951FF1EBF308998EF79221 /* Pods-LearnSwift.debug.xcconfig */,
				4BABB26F7F58DDD6C4AD137A /* Pods-LearnSwift.release.xcconfig */,
			);
			path = Pods;
			sourceTree = "<group>";
		};
		DF146D1725AD4652006F21BC /* Protocol */ = {
			isa = PBXGroup;
			children = (
				DF146D1825AD466A006F21BC /* ResultProtocol.swift */,
			);
			path = Protocol;
			sourceTree = "<group>";
		};
		DF2A7F8325B0267800A23597 /* Protocol */ = {
			isa = PBXGroup;
			children = (
				DF2A7F8425B0269100A23597 /* SWSubViewsProtocol.swift */,
			);
			name = Protocol;
			path = LearnSwift/SwiftBooks/Protocol;
			sourceTree = SOURCE_ROOT;
		};
		DF2A7F8A25B047CC00A23597 /* Resource */ = {
			isa = PBXGroup;
			children = (
				DF8C4F5525C107460090DBE2 /* 曹操.mp4 */,
				DF476FB725BFA82A0088E7CE /* 2.mp3 */,
				DF476FB525BFA6D40088E7CE /* OurSouvenir.mp3 */,
				DFF8C40D25BEBB9900827A5D /* Hubblecast.mov */,
				DFA5377725B16B380043E536 /* bass.caf */,
				DFA5377925B16B380043E536 /* drums.caf */,
				DFA5377825B16B380043E536 /* guitar.caf */,
				DF2A7F8B25B047D100A23597 /* 泡沫.mp3 */,
			);
			path = Resource;
			sourceTree = "<group>";
		};
		DF37AF7324A987FC00C5EA37 /* Find */ = {
			isa = PBXGroup;
			children = (
				DF460E8B24E232D4006CB24C /* Extensions */,
				DFF961EB24C9642C00CBC697 /* View */,
				DF37AF7424A9882A00C5EA37 /* SWFindViewController.swift */,
				DFA8763A24FF30E5000AA0A8 /* SWAccessViewControler.swift */,
				DF37AF7924A9CE5700C5EA37 /* SWFunctionsViewController.swift */,
				DFE22E2224C5945E005E3B25 /* SWEnumerationsController.swift */,
				DF5C80BD24C7DDE20040D7D8 /* SWPropertiesViewController.swift */,
				DFF70DEE24CE6E1F00F58D15 /* SWSubscriptsViewController.swift */,
				DFD3BA9E249B00560039D46B /* SWDifferentRepresentationVC.swift */,
				DFF961E924C963F100CBC697 /* SWApplyPropertyWrapperVC.swift */,
				DF9FF26424D0162D00233774 /* SWInitializationViewController.swift */,
				DFDA86AC24E117E1008CBE27 /* SWErrorHandlingViewController.swift */,
				DF460E8924E22EDC006CB24C /* SWExtensionsViewController.swift */,
				DF41DB6224E3FA90009C117A /* SWProtocolsViewController.swift */,
				DF3ED2A424EFBA390083F870 /* SWGenericsViewController.swift */,
				DFC9191724F5093B00C7EBAF /* OpaqueTypesViewController.swift */,
				DF95772524F79220006AED1B /* SWARCViewController.swift */,
				DF1B6B8825071F0300B68527 /* SWSwiftAdvancedTipsViewControler.swift */,
			);
			path = Find;
			sourceTree = "<group>";
		};
		DF388E9325CBC124000E6058 /* WKWebViewReusePool */ = {
			isa = PBXGroup;
			children = (
				DF388E9425CBC14C000E6058 /* ZJWebViewPool.swift */,
				DF388EF825CBC829000E6058 /* ZJWebView.swift */,
			);
			path = WKWebViewReusePool;
			sourceTree = "<group>";
		};
		DF460E8B24E232D4006CB24C /* Extensions */ = {
			isa = PBXGroup;
			children = (
				DF460E8C24E23347006CB24C /* Extensions.swift */,
				DF4944E524E4E586002D3675 /* Protocol.swift */,
				DF9B5FA624EA21F100615116 /* CompositionProtocol.swift */,
			);
			path = Extensions;
			sourceTree = "<group>";
		};
		DF4BA21625B9507F007D071E /* Util */ = {
			isa = PBXGroup;
			children = (
				DF388E9325CBC124000E6058 /* WKWebViewReusePool */,
				DF4BA21725B95110007D071E /* ZJSPTimerManger.swift */,
				DF388EFA25CBE57A000E6058 /* ZJSPNotiCallBackHolder.swift */,
			);
			path = Util;
			sourceTree = "<group>";
		};
		DF5528F825BA6E8200E5BF8B /* LevelMeter */ = {
			isa = PBXGroup;
			children = (
				DF5528F925BA6E9A00E5BF8B /* SWMeterTable.swift */,
				DF5528FB25BA724000E5BF8B /* THLevelMeterColorThreshold.swift */,
				DF5528FD25BA734200E5BF8B /* SWLevelMeterView.swift */,
			);
			path = LevelMeter;
			sourceTree = "<group>";
		};
		DF65D6DA250B550E00A9FB43 /* SwiftBooks */ = {
			isa = PBXGroup;
			children = (
				DFCA904825A5852A00CCCCDA /* Extension */,
				DF65D6DC250B550E00A9FB43 /* Util */,
				DF65D6DD250B550E00A9FB43 /* Controller */,
				DF65D6DF250B550E00A9FB43 /* View */,
			);
			path = SwiftBooks;
			sourceTree = "<group>";
		};
		DF65D6DC250B550E00A9FB43 /* Util */ = {
			isa = PBXGroup;
			children = (
				DF809D9925305D1500586559 /* SWUtilExtension.swift */,
			);
			path = Util;
			sourceTree = "<group>";
		};
		DF65D6DD250B550E00A9FB43 /* Controller */ = {
			isa = PBXGroup;
			children = (
				DFD395A025ECD56F006301DB /* LeetCode */,
				DF2A7F8325B0267800A23597 /* Protocol */,
				DF7267AC25B0245B0091AC46 /* Model */,
				DFF00EA125AEDDD10010EF2A /* AVFoundation */,
				DFB4B7CC25108DEA00DFA4E7 /* 函数式Swift */,
				DF65D6E0250B570C00A9FB43 /* SWBookListViewController.swift */,
			);
			path = Controller;
			sourceTree = "<group>";
		};
		DF65D6DF250B550E00A9FB43 /* View */ = {
			isa = PBXGroup;
			children = (
				DF5FE2CC251B449000C83FBE /* SWOptionalValueCell.swift */,
				DF5FE2CD251B449000C83FBE /* SWOptionalValueCell.xib */,
				DF2C7A23251C8AE400B97485 /* SWPOPTableViewCell.swift */,
				DF2C7A24251C8AE400B97485 /* SWPOPTableViewCell.xib */,
			);
			path = View;
			sourceTree = "<group>";
		};
		DF7103B6247B6E3A00B859CF = {
			isa = PBXGroup;
			children = (
				DF388EFE25CBF5B8000E6058 /* white.html */,
				DF7103C1247B6E3A00B859CF /* LearnSwift */,
				DF7103C0247B6E3A00B859CF /* Products */,
				7FE1F430D225B78110332233 /* Pods */,
				5C6B58645C824621DA67F123 /* Frameworks */,
			);
			sourceTree = "<group>";
		};
		DF7103C0247B6E3A00B859CF /* Products */ = {
			isa = PBXGroup;
			children = (
				DF7103BF247B6E3A00B859CF /* LearnSwift.app */,
			);
			name = Products;
			sourceTree = "<group>";
		};
		DF7103C1247B6E3A00B859CF /* LearnSwift */ = {
			isa = PBXGroup;
			children = (
				DF4BA21625B9507F007D071E /* Util */,
				DF2A7F8A25B047CC00A23597 /* Resource */,
				DF92D28025AC3E6300C8C348 /* Trifle */,
				DF65D6DA250B550E00A9FB43 /* SwiftBooks */,
				DF37AF7324A987FC00C5EA37 /* Find */,
				DF935A31248E2E1000B41406 /* Base */,
				DF935A30248E2DFD00B41406 /* Home */,
				DF7103D6247B6F6300B859CF /* Playground */,
				DF7103C2247B6E3A00B859CF /* AppDelegate.swift */,
				DF7103C4247B6E3A00B859CF /* SceneDelegate.swift */,
				DF7103C6247B6E3A00B859CF /* ViewController.swift */,
				DF935A2E248E2DC400B41406 /* SWMainTabBarViewController.swift */,
				DF7103C8247B6E3A00B859CF /* Main.storyboard */,
				DF7103CB247B6E3C00B859CF /* Assets.xcassets */,
				DF7103CD247B6E3C00B859CF /* LaunchScreen.storyboard */,
				DF7103D0247B6E3C00B859CF /* Info.plist */,
				DF0063A924F39FF200B6153F /* CustomLog.swift */,
			);
			path = LearnSwift;
			sourceTree = "<group>";
		};
		DF7103D6247B6F6300B859CF /* Playground */ = {
			isa = PBXGroup;
			children = (
				DF7103D7247B6FC200B859CF /* emplate */,
				DFA857CD251D8E140053BA59 /* SWUseSwiftFileHeader.h */,
			);
			path = Playground;
			sourceTree = SOURCE_ROOT;
		};
		DF7103D7247B6FC200B859CF /* emplate */ = {
			isa = PBXGroup;
			children = (
				DF82260B247FD3E800E105F3 /* EnumerationsAndStructures.playground */,
				DF7103D9247BBFAD00B859CF /* FunctionAndClosure.playground */,
				DF7103D8247B6FC200B859CF /* LetAndVar.playground */,
			);
			path = emplate;
			sourceTree = "<group>";
		};
		DF7267AC25B0245B0091AC46 /* Model */ = {
			isa = PBXGroup;
			children = (
				DF7267AD25B0245B0091AC46 /* SWBookLitstItem.swift */,
			);
			name = Model;
			path = LearnSwift/Trifle/Model;
			sourceTree = SOURCE_ROOT;
		};
		DF7267AF25B024910091AC46 /* Controller */ = {
			isa = PBXGroup;
			children = (
				DFA5377025B138160043E536 /* SWAudioLooperViewController.swift */,
				DF857A4E25B6DB9E00BF2F03 /* SWAudioRecorderViewController.swift */,
				DF8C4F5725C134E70090DBE2 /* SWCreateVideoViewController.swift */,
			);
			path = Controller;
			sourceTree = "<group>";
		};
		DF7267B025B024AD0091AC46 /* View */ = {
			isa = PBXGroup;
			children = (
				DF2A7F8625B0291F00A23597 /* SWAVFoundationReuseHeaderView.swift */,
				DFA5377E25B1762B0043E536 /* SWPlayerItemView.swift */,
				DF4BA20E25B91626007D071E /* SWRecorderHeaderView.swift */,
				DF4BA21225B9219C007D071E /* SWRecorderItemCellTableViewCell.swift */,
				DF4BA21325B9219C007D071E /* SWRecorderItemCellTableViewCell.xib */,
				DF8C4F5925C1359C0090DBE2 /* SWPlayerView.swift */,
				DF8C4F5D25C13F500090DBE2 /* SWOverLayerView.swift */,
			);
			path = View;
			sourceTree = "<group>";
		};
		DF7267B125B024AD0091AC46 /* Model */ = {
			isa = PBXGroup;
			children = (
				DF2A7F8825B02A5E00A23597 /* SWAvfoundationModel.swift */,
				DF1FAEBD25B8110100CB7860 /* THMemo.swift */,
				DF5528F625BA6DD100E5BF8B /* SWLevelPair.swift */,
				DF8C4F5F25C13F680090DBE2 /* SWTransport.swift */,
			);
			path = Model;
			sourceTree = "<group>";
		};
		DF92D28025AC3E6300C8C348 /* Trifle */ = {
			isa = PBXGroup;
			children = (
				DF146D1725AD4652006F21BC /* Protocol */,
				DF92D28725AC46B700C8C348 /* Controller */,
				DF92D28525AC46B700C8C348 /* Extension */,
				DF92D28625AC46B700C8C348 /* View */,
			);
			path = Trifle;
			sourceTree = "<group>";
		};
		DF92D28525AC46B700C8C348 /* Extension */ = {
			isa = PBXGroup;
			children = (
				DF92D29025AC4ADC00C8C348 /* MyUIViewControllerExtension.swift */,
			);
			path = Extension;
			sourceTree = "<group>";
		};
		DF92D28625AC46B700C8C348 /* View */ = {
			isa = PBXGroup;
			children = (
				DF92D28C25AC46D600C8C348 /* SWTextView.swift */,
			);
			path = View;
			sourceTree = "<group>";
		};
		DF92D28725AC46B700C8C348 /* Controller */ = {
			isa = PBXGroup;
			children = (
				DF92D28825AC46B700C8C348 /* SWSwiftResultUseSceneVC.swift */,
				DF92D28925AC46B700C8C348 /* SWTrifleViewController.swift */,
				DFF00E9C25AEBD850010EF2A /* SWDisplayAppstoreVC.swift */,
				DF388E9125CBC099000E6058 /* SWImproveWKWebViewController.swift */,
				DF388EFC25CBEE53000E6058 /* SWNoImproveWKWebViewController.swift */,
			);
			path = Controller;
			sourceTree = "<group>";
		};
		DF935A30248E2DFD00B41406 /* Home */ = {
			isa = PBXGroup;
			children = (
				DF935A34248E351E00B41406 /* SWHomeViewController.swift */,
				DFA44F002498A3210004125B /* SWOperatorViewController.swift */,
				DFD3BAA0249B039A0039D46B /* SWDifferentCell.swift */,
				DFD3BAA4249B52D70039D46B /* SWCollectionTypesViewController.swift */,
				DFA9CE54249CA22B002E4C62 /* SWControlFlowViewController.swift */,
				DFCA904B25A5B97500CCCCDA /* SWAlamofireViewController.swift */,
			);
			path = Home;
			sourceTree = "<group>";
		};
		DF935A31248E2E1000B41406 /* Base */ = {
			isa = PBXGroup;
			children = (
				DF935A32248E2E1F00B41406 /* SWBaseViewController.swift */,
				DFA44F022498A5E80004125B /* SWBaseNavigationController.swift */,
				DF92D28E25AC475000C8C348 /* SWBaseView.swift */,
				DF2A7F8125B025F800A23597 /* SWBaseTableHeaderFooterView.swift */,
			);
			path = Base;
			sourceTree = "<group>";
		};
		DFA5377225B139440043E536 /* Util */ = {
			isa = PBXGroup;
			children = (
				DFA5377325B13AB70043E536 /* THPlayerController.swift */,
				DF1FAEBA25B801E700CB7860 /* THRecorderController.swift */,
			);
			path = Util;
			sourceTree = "<group>";
		};
		DFAF771C254273A900FBBC61 /* Protocol */ = {
			isa = PBXGroup;
			children = (
				DFAF771D254273A900FBBC61 /* OC */,
				DFAF7729254273A900FBBC61 /* Swift */,
			);
			path = Protocol;
			sourceTree = "<group>";
		};
		DFAF771D254273A900FBBC61 /* OC */ = {
			isa = PBXGroup;
			children = (
				DFB6C9962553E319008D018E /* DuckModel */,
				DFAF7721254273A900FBBC61 /* Source */,
				DFAF7725254273A900FBBC61 /* SWButtonFunction.h */,
				DFAF771E254273A900FBBC61 /* SWPopOCVC.h */,
				DFAF7727254273A900FBBC61 /* SWPopOCVC.m */,
				DFAF7728254273A900FBBC61 /* SWTestOCModel.h */,
				DFAF771F254273A900FBBC61 /* SWTestOCModel.m */,
				DFAF7720254273A900FBBC61 /* UIViewController+SWButtonFunctionIMP.h */,
				DFAF7726254273A900FBBC61 /* UIViewController+SWButtonFunctionIMP.m */,
				DF85AFCF254669180038F1A7 /* SWPresentationViewController.h */,
				DF85AFD0254669180038F1A7 /* SWPresentationViewController.m */,
				DF85AFD525466C590038F1A7 /* UIViewController+SWPresentationTools.h */,
				DF85AFD625466C590038F1A7 /* UIViewController+SWPresentationTools.m */,
				DF85AFDB254676560038F1A7 /* SWBottomPopOCViewController.h */,
				DF85AFDC254676560038F1A7 /* SWBottomPopOCViewController.m */,
				DF85AFD225466B900038F1A7 /* SWAppTools.h */,
				DF85AFD325466B900038F1A7 /* SWAppTools.m */,
			);
			path = OC;
			sourceTree = "<group>";
		};
		DFAF7721254273A900FBBC61 /* Source */ = {
			isa = PBXGroup;
			children = (
				DFAF7722254273A900FBBC61 /* PKProtocolExtension.m */,
				DFAF7723254273A900FBBC61 /* PKProtocolExtension.h */,
				DFAF7724254273A900FBBC61 /* ProtocolKit.h */,
			);
			path = Source;
			sourceTree = "<group>";
		};
		DFAF7729254273A900FBBC61 /* Swift */ = {
			isa = PBXGroup;
			children = (
				DFAF772A254273A900FBBC61 /* SWPOPVC.swift */,
				DFAF772B254273A900FBBC61 /* SWButtonFunction.swift */,
				DFAF77322542740B00FBBC61 /* SWBottomPopViewController.swift */,
				DFAF77342542767F00FBBC61 /* SWBottomPresentViewController.swift */,
				DFAF7736254278D500FBBC61 /* SWBottomPresentProtocol.swift */,
			);
			path = Swift;
			sourceTree = "<group>";
		};
		DFB4B7CC25108DEA00DFA4E7 /* 函数式Swift */ = {
			isa = PBXGroup;
			children = (
				DFAF771C254273A900FBBC61 /* Protocol */,
				DFA857C9251D82180053BA59 /* LearnSwift-Bridging-Header.h */,
				DF5FE2CA251B1B6A00C83FBE /* SWConstantValueVC.swift */,
				DFB4B7CF25108E4D00DFA4E7 /* SWEncapsulateCoreImageVC.swift */,
				DFA857E5251DE18D0053BA59 /* SWEnumViewController.swift */,
				DF142D992511A9740095AAFD /* SWMapFilterReduceVC.swift */,
				DF5AC00025187E6A00EF238F /* SWOptionalValueVC.swift */,
				DFA758C72520364E00EC9476 /* SWOnlyFunctionTypeVC.swift */,
				DFB4B7CD25108DEA00DFA4E7 /* SWSwiftProgramingChainVC.swift */,
				DF809D97253057B800586559 /* SWDrawChartVC.swift */,
				DFC48C2B2531A12A00ABFFD6 /* SWItratorAndSequenceVC.swift */,
			);
			path = "函数式Swift";
			sourceTree = "<group>";
		};
		DFB6C9962553E319008D018E /* DuckModel */ = {
			isa = PBXGroup;
			children = (
				DFB6C9972553E368008D018E /* Inherit */,
				DFB6C9982553E368008D018E /* Protocol */,
			);
			path = DuckModel;
			sourceTree = "<group>";
		};
		DFB6C9972553E368008D018E /* Inherit */ = {
			isa = PBXGroup;
			children = (
				DFB6C9992553E3BD008D018E /* ZJBaseDuck.h */,
				DFB6C99A2553E3BD008D018E /* ZJBaseDuck.m */,
				DFB6C99C2553E4C0008D018E /* ZJAnimalDuck.h */,
				DFB6C99D2553E4C0008D018E /* ZJAnimalDuck.m */,
				DFB6C99F2553E528008D018E /* ZJRubberDuck.h */,
				DFB6C9A02553E528008D018E /* ZJRubberDuck.m */,
				DF9831F025831870004FD6E8 /* ZJInheritHeader.h */,
			);
			path = Inherit;
			sourceTree = "<group>";
		};
		DFB6C9982553E368008D018E /* Protocol */ = {
			isa = PBXGroup;
			children = (
				DFB6C9A22553E650008D018E /* ZJDuckProtocol.h */,
				DFB6C9A32553E6E3008D018E /* ZJNewAnimalDuck.h */,
				DFB6C9A42553E6E3008D018E /* ZJNewAnimalDuck.m */,
				DFB6C9A62553E729008D018E /* ZJNewRubberDuck.h */,
				DFB6C9A72553E729008D018E /* ZJNewRubberDuck.m */,
				DFB6C9A92553E9D5008D018E /* ZJAbstractDuckFactory.h */,
				DFB6C9AA2553E9D5008D018E /* ZJAbstractDuckFactory.m */,
				DF9831F12583199C004FD6E8 /* ZJProtocolHeader.h */,
			);
			path = Protocol;
			sourceTree = "<group>";
		};
		DFCA904825A5852A00CCCCDA /* Extension */ = {
			isa = PBXGroup;
			children = (
				DFCA904925A5853600CCCCDA /* ZJMyExtension.swift */,
				DFC5C18525A6F01D00AD5BCE /* ZJMySetTypeExtension.swift */,
			);
			path = Extension;
			sourceTree = "<group>";
		};
		DFD395A025ECD56F006301DB /* LeetCode */ = {
			isa = PBXGroup;
			children = (
				DFD395A425ECD5BD006301DB /* SWLeetCodeListVC.swift */,
				DFD395A625ECD623006301DB /* SwiftSumLeetCodeVC.swift */,
				DFD395A825ECE71E006301DB /* SwiftAddLeetCodeVC.swift */,
				DFFADC9E26B004FA0082B0E7 /* SWSecondSmallNodeOfTreeVC.swift */,
				DFD9380E26B0F65D00FAEBBB /* SWSWReverseIntegerVC.swift */,
				DFD9381026B1239200FAEBBB /* SWPalindromeVC.swift */,
			);
			path = LeetCode;
			sourceTree = "<group>";
		};
		DFF00EA125AEDDD10010EF2A /* AVFoundation */ = {
			isa = PBXGroup;
			children = (
				DF5528F825BA6E8200E5BF8B /* LevelMeter */,
				DFA5377225B139440043E536 /* Util */,
				DF7267B125B024AD0091AC46 /* Model */,
				DF7267B025B024AD0091AC46 /* View */,
				DF7267AF25B024910091AC46 /* Controller */,
				DFF00EA225AEDDFB0010EF2A /* SWAVFoundationListVC.swift */,
				DF8C4F5125C0FE2B0090DBE2 /* SWAVFoundationListVCExtension.swift */,
			);
			path = AVFoundation;
			sourceTree = "<group>";
		};
		DFF961EB24C9642C00CBC697 /* View */ = {
			isa = PBXGroup;
			children = (
				DFF961EC24C9643F00CBC697 /* SWInputTextCell.swift */,
				DFF961EE24C9656700CBC697 /* SWBaseTableViewCell.swift */,
			);
			path = View;
			sourceTree = "<group>";
		};
/* End PBXGroup section */

/* Begin PBXNativeTarget section */
		DF7103BE247B6E3A00B859CF /* LearnSwift */ = {
			isa = PBXNativeTarget;
			buildConfigurationList = DF7103D3247B6E3C00B859CF /* Build configuration list for PBXNativeTarget "LearnSwift" */;
			buildPhases = (
				267F7305288D08241273815B /* [CP] Check Pods Manifest.lock */,
				DF7103BB247B6E3A00B859CF /* Sources */,
				DF7103BC247B6E3A00B859CF /* Frameworks */,
				DF7103BD247B6E3A00B859CF /* Resources */,
				8872A5CA8BC0B31DF15B3FC2 /* [CP] Embed Pods Frameworks */,
			);
			buildRules = (
			);
			dependencies = (
			);
			name = LearnSwift;
			productName = LearnSwift;
			productReference = DF7103BF247B6E3A00B859CF /* LearnSwift.app */;
			productType = "com.apple.product-type.application";
		};
/* End PBXNativeTarget section */

/* Begin PBXProject section */
		DF7103B7247B6E3A00B859CF /* Project object */ = {
			isa = PBXProject;
			attributes = {
				CLASSPREFIX = SW;
				LastSwiftUpdateCheck = 1140;
				LastUpgradeCheck = 1140;
				ORGANIZATIONNAME = com.zhangjunjun.com;
				TargetAttributes = {
					DF7103BE247B6E3A00B859CF = {
						CreatedOnToolsVersion = 11.4;
						LastSwiftMigration = 1170;
					};
				};
			};
			buildConfigurationList = DF7103BA247B6E3A00B859CF /* Build configuration list for PBXProject "LearnSwift" */;
			compatibilityVersion = "Xcode 9.3";
			developmentRegion = en;
			hasScannedForEncodings = 0;
			knownRegions = (
				en,
				Base,
			);
			mainGroup = DF7103B6247B6E3A00B859CF;
			productRefGroup = DF7103C0247B6E3A00B859CF /* Products */;
			projectDirPath = "";
			projectRoot = "";
			targets = (
				DF7103BE247B6E3A00B859CF /* LearnSwift */,
			);
		};
/* End PBXProject section */

/* Begin PBXResourcesBuildPhase section */
		DF7103BD247B6E3A00B859CF /* Resources */ = {
			isa = PBXResourcesBuildPhase;
			buildActionMask = 2147483647;
			files = (
				DF8C4F5625C107460090DBE2 /* 曹操.mp4 in Resources */,
				DF4BA21525B9219C007D071E /* SWRecorderItemCellTableViewCell.xib in Resources */,
				DF2C7A26251C8AE400B97485 /* SWPOPTableViewCell.xib in Resources */,
				DF7103CF247B6E3C00B859CF /* LaunchScreen.storyboard in Resources */,
				DF2A7F8C25B047D100A23597 /* 泡沫.mp3 in Resources */,
				DF5FE2CF251B449000C83FBE /* SWOptionalValueCell.xib in Resources */,
				DFA5377A25B16B380043E536 /* bass.caf in Resources */,
				DF476FB625BFA6D40088E7CE /* OurSouvenir.mp3 in Resources */,
				DF388EFF25CBF5B8000E6058 /* white.html in Resources */,
				DFF8C40E25BEBB9900827A5D /* Hubblecast.mov in Resources */,
				DF476FB825BFA82A0088E7CE /* 2.mp3 in Resources */,
				DF7103CC247B6E3C00B859CF /* Assets.xcassets in Resources */,
				DFA5377B25B16B380043E536 /* guitar.caf in Resources */,
				DFA5377C25B16B380043E536 /* drums.caf in Resources */,
				DF7103CA247B6E3A00B859CF /* Main.storyboard in Resources */,
			);
			runOnlyForDeploymentPostprocessing = 0;
		};
/* End PBXResourcesBuildPhase section */

/* Begin PBXShellScriptBuildPhase section */
		267F7305288D08241273815B /* [CP] Check Pods Manifest.lock */ = {
			isa = PBXShellScriptBuildPhase;
			buildActionMask = 2147483647;
			files = (
			);
			inputFileListPaths = (
			);
			inputPaths = (
				"${PODS_PODFILE_DIR_PATH}/Podfile.lock",
				"${PODS_ROOT}/Manifest.lock",
			);
			name = "[CP] Check Pods Manifest.lock";
			outputFileListPaths = (
			);
			outputPaths = (
				"$(DERIVED_FILE_DIR)/Pods-LearnSwift-checkManifestLockResult.txt",
			);
			runOnlyForDeploymentPostprocessing = 0;
			shellPath = /bin/sh;
			shellScript = "diff \"${PODS_PODFILE_DIR_PATH}/Podfile.lock\" \"${PODS_ROOT}/Manifest.lock\" > /dev/null\nif [ $? != 0 ] ; then\n    # print error to STDERR\n    echo \"error: The sandbox is not in sync with the Podfile.lock. Run 'pod install' or update your CocoaPods installation.\" >&2\n    exit 1\nfi\n# This output is used by Xcode 'outputs' to avoid re-running this script phase.\necho \"SUCCESS\" > \"${SCRIPT_OUTPUT_FILE_0}\"\n";
			showEnvVarsInLog = 0;
		};
		8872A5CA8BC0B31DF15B3FC2 /* [CP] Embed Pods Frameworks */ = {
			isa = PBXShellScriptBuildPhase;
			buildActionMask = 2147483647;
			files = (
			);
			inputFileListPaths = (
				"${PODS_ROOT}/Target Support Files/Pods-LearnSwift/Pods-LearnSwift-frameworks-${CONFIGURATION}-input-files.xcfilelist",
			);
			name = "[CP] Embed Pods Frameworks";
			outputFileListPaths = (
				"${PODS_ROOT}/Target Support Files/Pods-LearnSwift/Pods-LearnSwift-frameworks-${CONFIGURATION}-output-files.xcfilelist",
			);
			runOnlyForDeploymentPostprocessing = 0;
			shellPath = /bin/sh;
			shellScript = "\"${PODS_ROOT}/Target Support Files/Pods-LearnSwift/Pods-LearnSwift-frameworks.sh\"\n";
			showEnvVarsInLog = 0;
		};
/* End PBXShellScriptBuildPhase section */

/* Begin PBXSourcesBuildPhase section */
		DF7103BB247B6E3A00B859CF /* Sources */ = {
			isa = PBXSourcesBuildPhase;
			buildActionMask = 2147483647;
			files = (
				DFD3BAA5249B52D70039D46B /* SWCollectionTypesViewController.swift in Sources */,
				DF5528FE25BA734200E5BF8B /* SWLevelMeterView.swift in Sources */,
				DF92D28D25AC46D600C8C348 /* SWTextView.swift in Sources */,
				DF92D28A25AC46B700C8C348 /* SWSwiftResultUseSceneVC.swift in Sources */,
				DFCA904A25A5853600CCCCDA /* ZJMyExtension.swift in Sources */,
				DF2A7F8225B025F800A23597 /* SWBaseTableHeaderFooterView.swift in Sources */,
				DFC5C18625A6F01D00AD5BCE /* ZJMySetTypeExtension.swift in Sources */,
				DFAF7731254273AA00FBBC61 /* SWButtonFunction.swift in Sources */,
				DFAF772E254273AA00FBBC61 /* UIViewController+SWButtonFunctionIMP.m in Sources */,
				DF7267AE25B0245B0091AC46 /* SWBookLitstItem.swift in Sources */,
				DF8C4F5A25C1359C0090DBE2 /* SWPlayerView.swift in Sources */,
				DF388EF925CBC829000E6058 /* ZJWebView.swift in Sources */,
				DFAF77332542740B00FBBC61 /* SWBottomPopViewController.swift in Sources */,
				DFB6C9A52553E6E3008D018E /* ZJNewAnimalDuck.m in Sources */,
				DF85AFDD254676560038F1A7 /* SWBottomPopOCViewController.m in Sources */,
				DF388EFD25CBEE53000E6058 /* SWNoImproveWKWebViewController.swift in Sources */,
				DF4944E624E4E586002D3675 /* Protocol.swift in Sources */,
				DFA758C82520364E00EC9476 /* SWOnlyFunctionTypeVC.swift in Sources */,
				DF8C4F5225C0FE2B0090DBE2 /* SWAVFoundationListVCExtension.swift in Sources */,
				DFD395A925ECE71E006301DB /* SwiftAddLeetCodeVC.swift in Sources */,
				DFD395A525ECD5BD006301DB /* SWLeetCodeListVC.swift in Sources */,
				DFD9381126B1239200FAEBBB /* SWPalindromeVC.swift in Sources */,
				DFB6C99E2553E4C0008D018E /* ZJAnimalDuck.m in Sources */,
				DF2A7F8525B0269100A23597 /* SWSubViewsProtocol.swift in Sources */,
				DF3ED2A524EFBA390083F870 /* SWGenericsViewController.swift in Sources */,
				DF388E9225CBC099000E6058 /* SWImproveWKWebViewController.swift in Sources */,
				DF9FF26524D0162D00233774 /* SWInitializationViewController.swift in Sources */,
				DF5528FC25BA724000E5BF8B /* THLevelMeterColorThreshold.swift in Sources */,
				DF2C7A25251C8AE400B97485 /* SWPOPTableViewCell.swift in Sources */,
				DF809D9A25305D1500586559 /* SWUtilExtension.swift in Sources */,
				DFA44F032498A5E80004125B /* SWBaseNavigationController.swift in Sources */,
				DF5FE2CB251B1B6A00C83FBE /* SWConstantValueVC.swift in Sources */,
				DFF00EA325AEDDFB0010EF2A /* SWAVFoundationListVC.swift in Sources */,
				DF5528F725BA6DD100E5BF8B /* SWLevelPair.swift in Sources */,
				DF85AFD725466C590038F1A7 /* UIViewController+SWPresentationTools.m in Sources */,
				DFA8763B24FF30E5000AA0A8 /* SWAccessViewControler.swift in Sources */,
				DFCA904C25A5B97500CCCCDA /* SWAlamofireViewController.swift in Sources */,
				DFB6C9AB2553E9D5008D018E /* ZJAbstractDuckFactory.m in Sources */,
				DFAF7737254278D500FBBC61 /* SWBottomPresentProtocol.swift in Sources */,
				DFAF772D254273AA00FBBC61 /* PKProtocolExtension.m in Sources */,
				DF809D98253057B800586559 /* SWDrawChartVC.swift in Sources */,
				DFF961EF24C9656700CBC697 /* SWBaseTableViewCell.swift in Sources */,
				DF5528FA25BA6E9A00E5BF8B /* SWMeterTable.swift in Sources */,
				DF1B6B8925071F0300B68527 /* SWSwiftAdvancedTipsViewControler.swift in Sources */,
				DF95772624F79220006AED1B /* SWARCViewController.swift in Sources */,
				DF5C80BE24C7DDE20040D7D8 /* SWPropertiesViewController.swift in Sources */,
				DFC9191824F5093B00C7EBAF /* OpaqueTypesViewController.swift in Sources */,
				DFA9CE55249CA22B002E4C62 /* SWControlFlowViewController.swift in Sources */,
				DF7103C7247B6E3A00B859CF /* ViewController.swift in Sources */,
				DF8C4F6025C13F680090DBE2 /* SWTransport.swift in Sources */,
				DFB4B7D025108E4D00DFA4E7 /* SWEncapsulateCoreImageVC.swift in Sources */,
				DF8C4F5E25C13F500090DBE2 /* SWOverLayerView.swift in Sources */,
				DFF961EA24C963F100CBC697 /* SWApplyPropertyWrapperVC.swift in Sources */,
				DF92D28F25AC475000C8C348 /* SWBaseView.swift in Sources */,
				DF41DB6324E3FA90009C117A /* SWProtocolsViewController.swift in Sources */,
				DF5AC00125187E6A00EF238F /* SWOptionalValueVC.swift in Sources */,
				DFB6C9A12553E528008D018E /* ZJRubberDuck.m in Sources */,
				DF8C4F5825C134E70090DBE2 /* SWCreateVideoViewController.swift in Sources */,
				DFB6C99B2553E3BD008D018E /* ZJBaseDuck.m in Sources */,
				DF935A35248E351E00B41406 /* SWHomeViewController.swift in Sources */,
				DF1FAEBB25B801E700CB7860 /* THRecorderController.swift in Sources */,
				DFF00E9D25AEBD850010EF2A /* SWDisplayAppstoreVC.swift in Sources */,
				DF388EFB25CBE57A000E6058 /* ZJSPNotiCallBackHolder.swift in Sources */,
				DF2A7F8725B0291F00A23597 /* SWAVFoundationReuseHeaderView.swift in Sources */,
				DFF70DEF24CE6E1F00F58D15 /* SWSubscriptsViewController.swift in Sources */,
				DFB6C9A82553E729008D018E /* ZJNewRubberDuck.m in Sources */,
				DF37AF7524A9882A00C5EA37 /* SWFindViewController.swift in Sources */,
				DF4BA21425B9219C007D071E /* SWRecorderItemCellTableViewCell.swift in Sources */,
				DFA5377F25B1762B0043E536 /* SWPlayerItemView.swift in Sources */,
				DFD3BAA1249B039A0039D46B /* SWDifferentCell.swift in Sources */,
				DFAF772F254273AA00FBBC61 /* SWPopOCVC.m in Sources */,
				DF146D1925AD466A006F21BC /* ResultProtocol.swift in Sources */,
				DFAF77352542767F00FBBC61 /* SWBottomPresentViewController.swift in Sources */,
				DFD395A725ECD623006301DB /* SwiftSumLeetCodeVC.swift in Sources */,
				DF9B5FA724EA21F100615116 /* CompositionProtocol.swift in Sources */,
				DFFADC9F26B004FA0082B0E7 /* SWSecondSmallNodeOfTreeVC.swift in Sources */,
				DFD3BA9F249B00560039D46B /* SWDifferentRepresentationVC.swift in Sources */,
				DF65D6E1250B570C00A9FB43 /* SWBookListViewController.swift in Sources */,
				DF5FE2CE251B449000C83FBE /* SWOptionalValueCell.swift in Sources */,
				DFAF772C254273AA00FBBC61 /* SWTestOCModel.m in Sources */,
				DFA5377425B13AB70043E536 /* THPlayerController.swift in Sources */,
				DF37AF7A24A9CE5700C5EA37 /* SWFunctionsViewController.swift in Sources */,
				DF460E8A24E22EDC006CB24C /* SWExtensionsViewController.swift in Sources */,
				DF7103C3247B6E3A00B859CF /* AppDelegate.swift in Sources */,
				DFA857E6251DE18D0053BA59 /* SWEnumViewController.swift in Sources */,
				DF142D9A2511A9740095AAFD /* SWMapFilterReduceVC.swift in Sources */,
				DF0063AA24F39FF200B6153F /* CustomLog.swift in Sources */,
				DF857A4F25B6DB9E00BF2F03 /* SWAudioRecorderViewController.swift in Sources */,
				DF1FAEBE25B8110100CB7860 /* THMemo.swift in Sources */,
				DFE22E2324C5945E005E3B25 /* SWEnumerationsController.swift in Sources */,
				DFC48C2C2531A12A00ABFFD6 /* SWItratorAndSequenceVC.swift in Sources */,
				DF85AFD425466B900038F1A7 /* SWAppTools.m in Sources */,
				DF4BA20F25B91626007D071E /* SWRecorderHeaderView.swift in Sources */,
				DF935A2F248E2DC400B41406 /* SWMainTabBarViewController.swift in Sources */,
				DF92D28B25AC46B700C8C348 /* SWTrifleViewController.swift in Sources */,
				DF935A33248E2E1F00B41406 /* SWBaseViewController.swift in Sources */,
				DF460E8D24E23347006CB24C /* Extensions.swift in Sources */,
				DF2A7F8925B02A5E00A23597 /* SWAvfoundationModel.swift in Sources */,
				DFAF7730254273AA00FBBC61 /* SWPOPVC.swift in Sources */,
				DF388E9525CBC14C000E6058 /* ZJWebViewPool.swift in Sources */,
				DFB4B7CE25108DEA00DFA4E7 /* SWSwiftProgramingChainVC.swift in Sources */,
				DF92D29125AC4ADC00C8C348 /* MyUIViewControllerExtension.swift in Sources */,
				DFA44F012498A3210004125B /* SWOperatorViewController.swift in Sources */,
				DF4BA21825B95110007D071E /* ZJSPTimerManger.swift in Sources */,
				DF7103C5247B6E3A00B859CF /* SceneDelegate.swift in Sources */,
				DFA5377125B138160043E536 /* SWAudioLooperViewController.swift in Sources */,
				DFDA86AD24E117E1008CBE27 /* SWErrorHandlingViewController.swift in Sources */,
				DF85AFD1254669180038F1A7 /* SWPresentationViewController.m in Sources */,
				DFD9380F26B0F65D00FAEBBB /* SWSWReverseIntegerVC.swift in Sources */,
				DFF961ED24C9643F00CBC697 /* SWInputTextCell.swift in Sources */,
			);
			runOnlyForDeploymentPostprocessing = 0;
		};
/* End PBXSourcesBuildPhase section */

/* Begin PBXVariantGroup section */
		DF7103C8247B6E3A00B859CF /* Main.storyboard */ = {
			isa = PBXVariantGroup;
			children = (
				DF7103C9247B6E3A00B859CF /* Base */,
			);
			name = Main.storyboard;
			sourceTree = "<group>";
		};
		DF7103CD247B6E3C00B859CF /* LaunchScreen.storyboard */ = {
			isa = PBXVariantGroup;
			children = (
				DF7103CE247B6E3C00B859CF /* Base */,
			);
			name = LaunchScreen.storyboard;
			sourceTree = "<group>";
		};
/* End PBXVariantGroup section */

/* Begin XCBuildConfiguration section */
		DF7103D1247B6E3C00B859CF /* Debug */ = {
			isa = XCBuildConfiguration;
			buildSettings = {
				ALWAYS_SEARCH_USER_PATHS = NO;
				CLANG_ANALYZER_NONNULL = YES;
				CLANG_ANALYZER_NUMBER_OBJECT_CONVERSION = YES_AGGRESSIVE;
				CLANG_CXX_LANGUAGE_STANDARD = "gnu++14";
				CLANG_CXX_LIBRARY = "libc++";
				CLANG_ENABLE_MODULES = YES;
				CLANG_ENABLE_OBJC_ARC = YES;
				CLANG_ENABLE_OBJC_WEAK = YES;
				CLANG_WARN_BLOCK_CAPTURE_AUTORELEASING = YES;
				CLANG_WARN_BOOL_CONVERSION = YES;
				CLANG_WARN_COMMA = YES;
				CLANG_WARN_CONSTANT_CONVERSION = YES;
				CLANG_WARN_DEPRECATED_OBJC_IMPLEMENTATIONS = YES;
				CLANG_WARN_DIRECT_OBJC_ISA_USAGE = YES_ERROR;
				CLANG_WARN_DOCUMENTATION_COMMENTS = YES;
				CLANG_WARN_EMPTY_BODY = YES;
				CLANG_WARN_ENUM_CONVERSION = YES;
				CLANG_WARN_INFINITE_RECURSION = YES;
				CLANG_WARN_INT_CONVERSION = YES;
				CLANG_WARN_NON_LITERAL_NULL_CONVERSION = YES;
				CLANG_WARN_OBJC_IMPLICIT_RETAIN_SELF = YES;
				CLANG_WARN_OBJC_LITERAL_CONVERSION = YES;
				CLANG_WARN_OBJC_ROOT_CLASS = YES_ERROR;
				CLANG_WARN_RANGE_LOOP_ANALYSIS = YES;
				CLANG_WARN_STRICT_PROTOTYPES = YES;
				CLANG_WARN_SUSPICIOUS_MOVE = YES;
				CLANG_WARN_UNGUARDED_AVAILABILITY = YES_AGGRESSIVE;
				CLANG_WARN_UNREACHABLE_CODE = YES;
				CLANG_WARN__DUPLICATE_METHOD_MATCH = YES;
				COPY_PHASE_STRIP = NO;
				DEBUG_INFORMATION_FORMAT = dwarf;
				ENABLE_STRICT_OBJC_MSGSEND = YES;
				ENABLE_TESTABILITY = YES;
				GCC_C_LANGUAGE_STANDARD = gnu11;
				GCC_DYNAMIC_NO_PIC = NO;
				GCC_NO_COMMON_BLOCKS = YES;
				GCC_OPTIMIZATION_LEVEL = 0;
				GCC_PREPROCESSOR_DEFINITIONS = (
					"DEBUG=1",
					"$(inherited)",
				);
				GCC_WARN_64_TO_32_BIT_CONVERSION = YES;
				GCC_WARN_ABOUT_RETURN_TYPE = YES_ERROR;
				GCC_WARN_UNDECLARED_SELECTOR = YES;
				GCC_WARN_UNINITIALIZED_AUTOS = YES_AGGRESSIVE;
				GCC_WARN_UNUSED_FUNCTION = YES;
				GCC_WARN_UNUSED_VARIABLE = YES;
				IPHONEOS_DEPLOYMENT_TARGET = 13.4;
				MTL_ENABLE_DEBUG_INFO = INCLUDE_SOURCE;
				MTL_FAST_MATH = YES;
				ONLY_ACTIVE_ARCH = YES;
				SDKROOT = iphoneos;
				SWIFT_ACTIVE_COMPILATION_CONDITIONS = DEBUG;
				SWIFT_OPTIMIZATION_LEVEL = "-Onone";
			};
			name = Debug;
		};
		DF7103D2247B6E3C00B859CF /* Release */ = {
			isa = XCBuildConfiguration;
			buildSettings = {
				ALWAYS_SEARCH_USER_PATHS = NO;
				CLANG_ANALYZER_NONNULL = YES;
				CLANG_ANALYZER_NUMBER_OBJECT_CONVERSION = YES_AGGRESSIVE;
				CLANG_CXX_LANGUAGE_STANDARD = "gnu++14";
				CLANG_CXX_LIBRARY = "libc++";
				CLANG_ENABLE_MODULES = YES;
				CLANG_ENABLE_OBJC_ARC = YES;
				CLANG_ENABLE_OBJC_WEAK = YES;
				CLANG_WARN_BLOCK_CAPTURE_AUTORELEASING = YES;
				CLANG_WARN_BOOL_CONVERSION = YES;
				CLANG_WARN_COMMA = YES;
				CLANG_WARN_CONSTANT_CONVERSION = YES;
				CLANG_WARN_DEPRECATED_OBJC_IMPLEMENTATIONS = YES;
				CLANG_WARN_DIRECT_OBJC_ISA_USAGE = YES_ERROR;
				CLANG_WARN_DOCUMENTATION_COMMENTS = YES;
				CLANG_WARN_EMPTY_BODY = YES;
				CLANG_WARN_ENUM_CONVERSION = YES;
				CLANG_WARN_INFINITE_RECURSION = YES;
				CLANG_WARN_INT_CONVERSION = YES;
				CLANG_WARN_NON_LITERAL_NULL_CONVERSION = YES;
				CLANG_WARN_OBJC_IMPLICIT_RETAIN_SELF = YES;
				CLANG_WARN_OBJC_LITERAL_CONVERSION = YES;
				CLANG_WARN_OBJC_ROOT_CLASS = YES_ERROR;
				CLANG_WARN_RANGE_LOOP_ANALYSIS = YES;
				CLANG_WARN_STRICT_PROTOTYPES = YES;
				CLANG_WARN_SUSPICIOUS_MOVE = YES;
				CLANG_WARN_UNGUARDED_AVAILABILITY = YES_AGGRESSIVE;
				CLANG_WARN_UNREACHABLE_CODE = YES;
				CLANG_WARN__DUPLICATE_METHOD_MATCH = YES;
				COPY_PHASE_STRIP = NO;
				DEBUG_INFORMATION_FORMAT = "dwarf-with-dsym";
				ENABLE_NS_ASSERTIONS = NO;
				ENABLE_STRICT_OBJC_MSGSEND = YES;
				GCC_C_LANGUAGE_STANDARD = gnu11;
				GCC_NO_COMMON_BLOCKS = YES;
				GCC_WARN_64_TO_32_BIT_CONVERSION = YES;
				GCC_WARN_ABOUT_RETURN_TYPE = YES_ERROR;
				GCC_WARN_UNDECLARED_SELECTOR = YES;
				GCC_WARN_UNINITIALIZED_AUTOS = YES_AGGRESSIVE;
				GCC_WARN_UNUSED_FUNCTION = YES;
				GCC_WARN_UNUSED_VARIABLE = YES;
				IPHONEOS_DEPLOYMENT_TARGET = 13.4;
				MTL_ENABLE_DEBUG_INFO = NO;
				MTL_FAST_MATH = YES;
				SDKROOT = iphoneos;
				SWIFT_COMPILATION_MODE = wholemodule;
				SWIFT_OPTIMIZATION_LEVEL = "-O";
				VALIDATE_PRODUCT = YES;
			};
			name = Release;
		};
		DF7103D4247B6E3C00B859CF /* Debug */ = {
			isa = XCBuildConfiguration;
			baseConfigurationReference = 86951FF1EBF308998EF79221 /* Pods-LearnSwift.debug.xcconfig */;
			buildSettings = {
				ASSETCATALOG_COMPILER_APPICON_NAME = AppIcon;
				CLANG_ENABLE_MODULES = YES;
				CODE_SIGN_IDENTITY = "iPhone Developer";
				CODE_SIGN_STYLE = Manual;
				CURRENT_PROJECT_VERSION = 1.0.0;
				DEVELOPMENT_TEAM = 22L8F5N2ZA;
				INFOPLIST_FILE = LearnSwift/Info.plist;
				IPHONEOS_DEPLOYMENT_TARGET = 10.0;
				LD_RUNPATH_SEARCH_PATHS = (
					"$(inherited)",
					"@executable_path/Frameworks",
				);
				MARKETING_VERSION = 1.0.0;
				PRODUCT_BUNDLE_IDENTIFIER = com.zhangjunjun.LearnSwift;
				PRODUCT_NAME = "$(TARGET_NAME)";
				PROVISIONING_PROFILE_SPECIFIER = Xcode10Universal;
				SWIFT_OBJC_BRIDGING_HEADER = "LearnSwift/SwiftBooks/Controller/函数式Swift/LearnSwift-Bridging-Header.h";
				SWIFT_OPTIMIZATION_LEVEL = "-Onone";
				SWIFT_VERSION = 5.0;
				TARGETED_DEVICE_FAMILY = "1,2";
			};
			name = Debug;
		};
		DF7103D5247B6E3C00B859CF /* Release */ = {
			isa = XCBuildConfiguration;
			baseConfigurationReference = 4BABB26F7F58DDD6C4AD137A /* Pods-LearnSwift.release.xcconfig */;
			buildSettings = {
				ASSETCATALOG_COMPILER_APPICON_NAME = AppIcon;
				CLANG_ENABLE_MODULES = YES;
				CODE_SIGN_IDENTITY = "iPhone Developer";
				CODE_SIGN_STYLE = Manual;
				CURRENT_PROJECT_VERSION = 1.0.0;
				DEVELOPMENT_TEAM = 22L8F5N2ZA;
				GCC_PREPROCESSOR_DEFINITIONS = (
					"$(inherited)",
					"RELEASE=1",
				);
				INFOPLIST_FILE = LearnSwift/Info.plist;
				IPHONEOS_DEPLOYMENT_TARGET = 10.0;
				LD_RUNPATH_SEARCH_PATHS = (
					"$(inherited)",
					"@executable_path/Frameworks",
				);
				MARKETING_VERSION = 1.0.0;
				PRODUCT_BUNDLE_IDENTIFIER = com.zhangjunjun.LearnSwift;
				PRODUCT_NAME = "$(TARGET_NAME)";
				PROVISIONING_PROFILE_SPECIFIER = Xcode10Universal;
				SWIFT_ACTIVE_COMPILATION_CONDITIONS = "-D RELEASE";
				SWIFT_OBJC_BRIDGING_HEADER = "LearnSwift/SwiftBooks/Controller/函数式Swift/LearnSwift-Bridging-Header.h";
				SWIFT_VERSION = 5.0;
				TARGETED_DEVICE_FAMILY = "1,2";
			};
			name = Release;
		};
/* End XCBuildConfiguration section */

/* Begin XCConfigurationList section */
		DF7103BA247B6E3A00B859CF /* Build configuration list for PBXProject "LearnSwift" */ = {
			isa = XCConfigurationList;
			buildConfigurations = (
				DF7103D1247B6E3C00B859CF /* Debug */,
				DF7103D2247B6E3C00B859CF /* Release */,
			);
			defaultConfigurationIsVisible = 0;
			defaultConfigurationName = Release;
		};
		DF7103D3247B6E3C00B859CF /* Build configuration list for PBXNativeTarget "LearnSwift" */ = {
			isa = XCConfigurationList;
			buildConfigurations = (
				DF7103D4247B6E3C00B859CF /* Debug */,
				DF7103D5247B6E3C00B859CF /* Release */,
			);
			defaultConfigurationIsVisible = 0;
			defaultConfigurationName = Release;
		};
/* End XCConfigurationList section */
	};
	rootObject = DF7103B7247B6E3A00B859CF /* Project object */;
}
