// !$*UTF8*$!
{
	archiveVersion = 1;
	classes = {
	};
	objectVersion = 51;
	objects = {

/* Begin PBXBuildFile section */
		DF0063AA24F39FF200B6153F /* CustomLog.swift in Sources */ = {isa = PBXBuildFile; fileRef = DF0063A924F39FF200B6153F /* CustomLog.swift */; };
		DF142D9A2511A9740095AAFD /* SWMapFilterReduceVC.swift in Sources */ = {isa = PBXBuildFile; fileRef = DF142D992511A9740095AAFD /* SWMapFilterReduceVC.swift */; };
		DF1B6B8925071F0300B68527 /* SWSwiftAdvancedTipsViewControler.swift in Sources */ = {isa = PBXBuildFile; fileRef = DF1B6B8825071F0300B68527 /* SWSwiftAdvancedTipsViewControler.swift */; };
		DF2C7A25251C8AE400B97485 /* SWPOPTableViewCell.swift in Sources */ = {isa = PBXBuildFile; fileRef = DF2C7A23251C8AE400B97485 /* SWPOPTableViewCell.swift */; };
		DF2C7A26251C8AE400B97485 /* SWPOPTableViewCell.xib in Resources */ = {isa = PBXBuildFile; fileRef = DF2C7A24251C8AE400B97485 /* SWPOPTableViewCell.xib */; };
		DF37AF7524A9882A00C5EA37 /* SWFindViewController.swift in Sources */ = {isa = PBXBuildFile; fileRef = DF37AF7424A9882A00C5EA37 /* SWFindViewController.swift */; };
		DF37AF7A24A9CE5700C5EA37 /* SWFunctionsViewController.swift in Sources */ = {isa = PBXBuildFile; fileRef = DF37AF7924A9CE5700C5EA37 /* SWFunctionsViewController.swift */; };
		DF3ED2A524EFBA390083F870 /* SWGenericsViewController.swift in Sources */ = {isa = PBXBuildFile; fileRef = DF3ED2A424EFBA390083F870 /* SWGenericsViewController.swift */; };
		DF41DB6324E3FA90009C117A /* SWProtocolsViewController.swift in Sources */ = {isa = PBXBuildFile; fileRef = DF41DB6224E3FA90009C117A /* SWProtocolsViewController.swift */; };
		DF460E8A24E22EDC006CB24C /* SWExtensionsViewController.swift in Sources */ = {isa = PBXBuildFile; fileRef = DF460E8924E22EDC006CB24C /* SWExtensionsViewController.swift */; };
		DF460E8D24E23347006CB24C /* Extensions.swift in Sources */ = {isa = PBXBuildFile; fileRef = DF460E8C24E23347006CB24C /* Extensions.swift */; };
		DF4944E624E4E586002D3675 /* Protocol.swift in Sources */ = {isa = PBXBuildFile; fileRef = DF4944E524E4E586002D3675 /* Protocol.swift */; };
		DF5AC00125187E6A00EF238F /* SWOptionalValueVC.swift in Sources */ = {isa = PBXBuildFile; fileRef = DF5AC00025187E6A00EF238F /* SWOptionalValueVC.swift */; };
		DF5C80BE24C7DDE20040D7D8 /* SWPropertiesViewController.swift in Sources */ = {isa = PBXBuildFile; fileRef = DF5C80BD24C7DDE20040D7D8 /* SWPropertiesViewController.swift */; };
		DF5FE2CB251B1B6A00C83FBE /* SWConstantValueVC.swift in Sources */ = {isa = PBXBuildFile; fileRef = DF5FE2CA251B1B6A00C83FBE /* SWConstantValueVC.swift */; };
		DF5FE2CE251B449000C83FBE /* SWOptionalValueCell.swift in Sources */ = {isa = PBXBuildFile; fileRef = DF5FE2CC251B449000C83FBE /* SWOptionalValueCell.swift */; };
		DF5FE2CF251B449000C83FBE /* SWOptionalValueCell.xib in Resources */ = {isa = PBXBuildFile; fileRef = DF5FE2CD251B449000C83FBE /* SWOptionalValueCell.xib */; };
		DF65D6E1250B570C00A9FB43 /* SWBookListViewController.swift in Sources */ = {isa = PBXBuildFile; fileRef = DF65D6E0250B570C00A9FB43 /* SWBookListViewController.swift */; };
		DF7103C3247B6E3A00B859CF /* AppDelegate.swift in Sources */ = {isa = PBXBuildFile; fileRef = DF7103C2247B6E3A00B859CF /* AppDelegate.swift */; };
		DF7103C5247B6E3A00B859CF /* SceneDelegate.swift in Sources */ = {isa = PBXBuildFile; fileRef = DF7103C4247B6E3A00B859CF /* SceneDelegate.swift */; };
		DF7103C7247B6E3A00B859CF /* ViewController.swift in Sources */ = {isa = PBXBuildFile; fileRef = DF7103C6247B6E3A00B859CF /* ViewController.swift */; };
		DF7103CA247B6E3A00B859CF /* Main.storyboard in Resources */ = {isa = PBXBuildFile; fileRef = DF7103C8247B6E3A00B859CF /* Main.storyboard */; };
		DF7103CC247B6E3C00B859CF /* Assets.xcassets in Resources */ = {isa = PBXBuildFile; fileRef = DF7103CB247B6E3C00B859CF /* Assets.xcassets */; };
		DF7103CF247B6E3C00B859CF /* LaunchScreen.storyboard in Resources */ = {isa = PBXBuildFile; fileRef = DF7103CD247B6E3C00B859CF /* LaunchScreen.storyboard */; };
		DF809D98253057B800586559 /* SWDrawChartVC.swift in Sources */ = {isa = PBXBuildFile; fileRef = DF809D97253057B800586559 /* SWDrawChartVC.swift */; };
		DF809D9A25305D1500586559 /* SWUtilExtension.swift in Sources */ = {isa = PBXBuildFile; fileRef = DF809D9925305D1500586559 /* SWUtilExtension.swift */; };
		DF85AFD1254669180038F1A7 /* SWPresentationViewController.m in Sources */ = {isa = PBXBuildFile; fileRef = DF85AFD0254669180038F1A7 /* SWPresentationViewController.m */; };
		DF85AFD425466B900038F1A7 /* SWAppTools.m in Sources */ = {isa = PBXBuildFile; fileRef = DF85AFD325466B900038F1A7 /* SWAppTools.m */; };
		DF85AFD725466C590038F1A7 /* UIViewController+SWPresentationTools.m in Sources */ = {isa = PBXBuildFile; fileRef = DF85AFD625466C590038F1A7 /* UIViewController+SWPresentationTools.m */; };
		DF85AFDD254676560038F1A7 /* SWBottomPopOCViewController.m in Sources */ = {isa = PBXBuildFile; fileRef = DF85AFDC254676560038F1A7 /* SWBottomPopOCViewController.m */; };
		DF935A2F248E2DC400B41406 /* SWMainTabBarViewController.swift in Sources */ = {isa = PBXBuildFile; fileRef = DF935A2E248E2DC400B41406 /* SWMainTabBarViewController.swift */; };
		DF935A33248E2E1F00B41406 /* SWBaseViewController.swift in Sources */ = {isa = PBXBuildFile; fileRef = DF935A32248E2E1F00B41406 /* SWBaseViewController.swift */; };
		DF935A35248E351E00B41406 /* SWHomeViewController.swift in Sources */ = {isa = PBXBuildFile; fileRef = DF935A34248E351E00B41406 /* SWHomeViewController.swift */; };
		DF95772624F79220006AED1B /* SWARCViewController.swift in Sources */ = {isa = PBXBuildFile; fileRef = DF95772524F79220006AED1B /* SWARCViewController.swift */; };
		DF9B5FA724EA21F100615116 /* CompositionProtocol.swift in Sources */ = {isa = PBXBuildFile; fileRef = DF9B5FA624EA21F100615116 /* CompositionProtocol.swift */; };
		DF9FF26524D0162D00233774 /* SWInitializationViewController.swift in Sources */ = {isa = PBXBuildFile; fileRef = DF9FF26424D0162D00233774 /* SWInitializationViewController.swift */; };
		DFA44F012498A3210004125B /* SWOperatorViewController.swift in Sources */ = {isa = PBXBuildFile; fileRef = DFA44F002498A3210004125B /* SWOperatorViewController.swift */; };
		DFA44F032498A5E80004125B /* SWBaseNavigationController.swift in Sources */ = {isa = PBXBuildFile; fileRef = DFA44F022498A5E80004125B /* SWBaseNavigationController.swift */; };
		DFA758C82520364E00EC9476 /* SWOnlyFunctionTypeVC.swift in Sources */ = {isa = PBXBuildFile; fileRef = DFA758C72520364E00EC9476 /* SWOnlyFunctionTypeVC.swift */; };
		DFA857E6251DE18D0053BA59 /* SWEnumViewController.swift in Sources */ = {isa = PBXBuildFile; fileRef = DFA857E5251DE18D0053BA59 /* SWEnumViewController.swift */; };
		DFA8763B24FF30E5000AA0A8 /* SWAccessViewControler.swift in Sources */ = {isa = PBXBuildFile; fileRef = DFA8763A24FF30E5000AA0A8 /* SWAccessViewControler.swift */; };
		DFA9CE55249CA22B002E4C62 /* SWControlFlowViewController.swift in Sources */ = {isa = PBXBuildFile; fileRef = DFA9CE54249CA22B002E4C62 /* SWControlFlowViewController.swift */; };
		DFAF772C254273AA00FBBC61 /* SWTestOCModel.m in Sources */ = {isa = PBXBuildFile; fileRef = DFAF771F254273A900FBBC61 /* SWTestOCModel.m */; };
		DFAF772D254273AA00FBBC61 /* PKProtocolExtension.m in Sources */ = {isa = PBXBuildFile; fileRef = DFAF7722254273A900FBBC61 /* PKProtocolExtension.m */; };
		DFAF772E254273AA00FBBC61 /* UIViewController+SWButtonFunctionIMP.m in Sources */ = {isa = PBXBuildFile; fileRef = DFAF7726254273A900FBBC61 /* UIViewController+SWButtonFunctionIMP.m */; };
		DFAF772F254273AA00FBBC61 /* SWPopOCVC.m in Sources */ = {isa = PBXBuildFile; fileRef = DFAF7727254273A900FBBC61 /* SWPopOCVC.m */; };
		DFAF7730254273AA00FBBC61 /* SWPOPVC.swift in Sources */ = {isa = PBXBuildFile; fileRef = DFAF772A254273A900FBBC61 /* SWPOPVC.swift */; };
		DFAF7731254273AA00FBBC61 /* SWButtonFunction.swift in Sources */ = {isa = PBXBuildFile; fileRef = DFAF772B254273A900FBBC61 /* SWButtonFunction.swift */; };
		DFAF77332542740B00FBBC61 /* SWBottomPopViewController.swift in Sources */ = {isa = PBXBuildFile; fileRef = DFAF77322542740B00FBBC61 /* SWBottomPopViewController.swift */; };
		DFAF77352542767F00FBBC61 /* SWBottomPresentViewController.swift in Sources */ = {isa = PBXBuildFile; fileRef = DFAF77342542767F00FBBC61 /* SWBottomPresentViewController.swift */; };
		DFAF7737254278D500FBBC61 /* SWBottomPresentProtocol.swift in Sources */ = {isa = PBXBuildFile; fileRef = DFAF7736254278D500FBBC61 /* SWBottomPresentProtocol.swift */; };
		DFB4B7CE25108DEA00DFA4E7 /* SWSwiftProgramingChainVC.swift in Sources */ = {isa = PBXBuildFile; fileRef = DFB4B7CD25108DEA00DFA4E7 /* SWSwiftProgramingChainVC.swift */; };
		DFB4B7D025108E4D00DFA4E7 /* SWEncapsulateCoreImageVC.swift in Sources */ = {isa = PBXBuildFile; fileRef = DFB4B7CF25108E4D00DFA4E7 /* SWEncapsulateCoreImageVC.swift */; };
		DFB6C99B2553E3BD008D018E /* ZJBaseDuck.m in Sources */ = {isa = PBXBuildFile; fileRef = DFB6C99A2553E3BD008D018E /* ZJBaseDuck.m */; };
		DFB6C99E2553E4C0008D018E /* ZJAnimalDuck.m in Sources */ = {isa = PBXBuildFile; fileRef = DFB6C99D2553E4C0008D018E /* ZJAnimalDuck.m */; };
		DFB6C9A12553E528008D018E /* ZJRubberDuck.m in Sources */ = {isa = PBXBuildFile; fileRef = DFB6C9A02553E528008D018E /* ZJRubberDuck.m */; };
		DFB6C9A52553E6E3008D018E /* ZJNewAnimalDuck.m in Sources */ = {isa = PBXBuildFile; fileRef = DFB6C9A42553E6E3008D018E /* ZJNewAnimalDuck.m */; };
		DFB6C9A82553E729008D018E /* ZJNewRubberDuck.m in Sources */ = {isa = PBXBuildFile; fileRef = DFB6C9A72553E729008D018E /* ZJNewRubberDuck.m */; };
		DFB6C9AB2553E9D5008D018E /* ZJNewBaseDuck.m in Sources */ = {isa = PBXBuildFile; fileRef = DFB6C9AA2553E9D5008D018E /* ZJNewBaseDuck.m */; };
		DFC48C2C2531A12A00ABFFD6 /* SWItratorAndSequenceVC.swift in Sources */ = {isa = PBXBuildFile; fileRef = DFC48C2B2531A12A00ABFFD6 /* SWItratorAndSequenceVC.swift */; };
		DFC9191824F5093B00C7EBAF /* OpaqueTypesViewController.swift in Sources */ = {isa = PBXBuildFile; fileRef = DFC9191724F5093B00C7EBAF /* OpaqueTypesViewController.swift */; };
		DFD3BA9F249B00560039D46B /* SWDifferentRepresentationVC.swift in Sources */ = {isa = PBXBuildFile; fileRef = DFD3BA9E249B00560039D46B /* SWDifferentRepresentationVC.swift */; };
		DFD3BAA1249B039A0039D46B /* SWDifferentCell.swift in Sources */ = {isa = PBXBuildFile; fileRef = DFD3BAA0249B039A0039D46B /* SWDifferentCell.swift */; };
		DFD3BAA5249B52D70039D46B /* SWCollectionTypesViewController.swift in Sources */ = {isa = PBXBuildFile; fileRef = DFD3BAA4249B52D70039D46B /* SWCollectionTypesViewController.swift */; };
		DFDA86AD24E117E1008CBE27 /* SWErrorHandlingViewController.swift in Sources */ = {isa = PBXBuildFile; fileRef = DFDA86AC24E117E1008CBE27 /* SWErrorHandlingViewController.swift */; };
		DFE22E2324C5945E005E3B25 /* SWEnumerationsController.swift in Sources */ = {isa = PBXBuildFile; fileRef = DFE22E2224C5945E005E3B25 /* SWEnumerationsController.swift */; };
		DFF70DEF24CE6E1F00F58D15 /* SWSubscriptsViewController.swift in Sources */ = {isa = PBXBuildFile; fileRef = DFF70DEE24CE6E1F00F58D15 /* SWSubscriptsViewController.swift */; };
		DFF961EA24C963F100CBC697 /* SWApplyPropertyWrapperVC.swift in Sources */ = {isa = PBXBuildFile; fileRef = DFF961E924C963F100CBC697 /* SWApplyPropertyWrapperVC.swift */; };
		DFF961ED24C9643F00CBC697 /* SWInputTextCell.swift in Sources */ = {isa = PBXBuildFile; fileRef = DFF961EC24C9643F00CBC697 /* SWInputTextCell.swift */; };
		DFF961EF24C9656700CBC697 /* SWBaseTableViewCell.swift in Sources */ = {isa = PBXBuildFile; fileRef = DFF961EE24C9656700CBC697 /* SWBaseTableViewCell.swift */; };
		E28E4509AC35A9793617225D /* Pods_LearnSwift.framework in Frameworks */ = {isa = PBXBuildFile; fileRef = AD6EA33BB5E571148CF89C2E /* Pods_LearnSwift.framework */; };
/* End PBXBuildFile section */

/* Begin PBXFileReference section */
		4BABB26F7F58DDD6C4AD137A /* Pods-LearnSwift.release.xcconfig */ = {isa = PBXFileReference; includeInIndex = 1; lastKnownFileType = text.xcconfig; name = "Pods-LearnSwift.release.xcconfig"; path = "Target Support Files/Pods-LearnSwift/Pods-LearnSwift.release.xcconfig"; sourceTree = "<group>"; };
		86951FF1EBF308998EF79221 /* Pods-LearnSwift.debug.xcconfig */ = {isa = PBXFileReference; includeInIndex = 1; lastKnownFileType = text.xcconfig; name = "Pods-LearnSwift.debug.xcconfig"; path = "Target Support Files/Pods-LearnSwift/Pods-LearnSwift.debug.xcconfig"; sourceTree = "<group>"; };
		AD6EA33BB5E571148CF89C2E /* Pods_LearnSwift.framework */ = {isa = PBXFileReference; explicitFileType = wrapper.framework; includeInIndex = 0; path = Pods_LearnSwift.framework; sourceTree = BUILT_PRODUCTS_DIR; };
		DF0063A924F39FF200B6153F /* CustomLog.swift */ = {isa = PBXFileReference; lastKnownFileType = sourcecode.swift; path = CustomLog.swift; sourceTree = "<group>"; };
		DF142D992511A9740095AAFD /* SWMapFilterReduceVC.swift */ = {isa = PBXFileReference; lastKnownFileType = sourcecode.swift; path = SWMapFilterReduceVC.swift; sourceTree = "<group>"; };
		DF1B6B8825071F0300B68527 /* SWSwiftAdvancedTipsViewControler.swift */ = {isa = PBXFileReference; lastKnownFileType = sourcecode.swift; path = SWSwiftAdvancedTipsViewControler.swift; sourceTree = "<group>"; };
		DF2C7A23251C8AE400B97485 /* SWPOPTableViewCell.swift */ = {isa = PBXFileReference; lastKnownFileType = sourcecode.swift; path = SWPOPTableViewCell.swift; sourceTree = "<group>"; };
		DF2C7A24251C8AE400B97485 /* SWPOPTableViewCell.xib */ = {isa = PBXFileReference; lastKnownFileType = file.xib; path = SWPOPTableViewCell.xib; sourceTree = "<group>"; };
		DF37AF7424A9882A00C5EA37 /* SWFindViewController.swift */ = {isa = PBXFileReference; lastKnownFileType = sourcecode.swift; path = SWFindViewController.swift; sourceTree = "<group>"; };
		DF37AF7924A9CE5700C5EA37 /* SWFunctionsViewController.swift */ = {isa = PBXFileReference; lastKnownFileType = sourcecode.swift; path = SWFunctionsViewController.swift; sourceTree = "<group>"; };
		DF3ED2A424EFBA390083F870 /* SWGenericsViewController.swift */ = {isa = PBXFileReference; lastKnownFileType = sourcecode.swift; path = SWGenericsViewController.swift; sourceTree = "<group>"; };
		DF41DB6224E3FA90009C117A /* SWProtocolsViewController.swift */ = {isa = PBXFileReference; lastKnownFileType = sourcecode.swift; path = SWProtocolsViewController.swift; sourceTree = "<group>"; };
		DF460E8924E22EDC006CB24C /* SWExtensionsViewController.swift */ = {isa = PBXFileReference; lastKnownFileType = sourcecode.swift; path = SWExtensionsViewController.swift; sourceTree = "<group>"; };
		DF460E8C24E23347006CB24C /* Extensions.swift */ = {isa = PBXFileReference; lastKnownFileType = sourcecode.swift; path = Extensions.swift; sourceTree = "<group>"; };
		DF4944E524E4E586002D3675 /* Protocol.swift */ = {isa = PBXFileReference; lastKnownFileType = sourcecode.swift; path = Protocol.swift; sourceTree = "<group>"; };
		DF5AC00025187E6A00EF238F /* SWOptionalValueVC.swift */ = {isa = PBXFileReference; lastKnownFileType = sourcecode.swift; path = SWOptionalValueVC.swift; sourceTree = "<group>"; };
		DF5C80BD24C7DDE20040D7D8 /* SWPropertiesViewController.swift */ = {isa = PBXFileReference; lastKnownFileType = sourcecode.swift; path = SWPropertiesViewController.swift; sourceTree = "<group>"; };
		DF5FE2CA251B1B6A00C83FBE /* SWConstantValueVC.swift */ = {isa = PBXFileReference; lastKnownFileType = sourcecode.swift; path = SWConstantValueVC.swift; sourceTree = "<group>"; };
		DF5FE2CC251B449000C83FBE /* SWOptionalValueCell.swift */ = {isa = PBXFileReference; lastKnownFileType = sourcecode.swift; path = SWOptionalValueCell.swift; sourceTree = "<group>"; };
		DF5FE2CD251B449000C83FBE /* SWOptionalValueCell.xib */ = {isa = PBXFileReference; lastKnownFileType = file.xib; path = SWOptionalValueCell.xib; sourceTree = "<group>"; };
		DF65D6E0250B570C00A9FB43 /* SWBookListViewController.swift */ = {isa = PBXFileReference; lastKnownFileType = sourcecode.swift; path = SWBookListViewController.swift; sourceTree = "<group>"; };
		DF7103BF247B6E3A00B859CF /* LearnSwift.app */ = {isa = PBXFileReference; explicitFileType = wrapper.application; includeInIndex = 0; path = LearnSwift.app; sourceTree = BUILT_PRODUCTS_DIR; };
		DF7103C2247B6E3A00B859CF /* AppDelegate.swift */ = {isa = PBXFileReference; lastKnownFileType = sourcecode.swift; path = AppDelegate.swift; sourceTree = "<group>"; };
		DF7103C4247B6E3A00B859CF /* SceneDelegate.swift */ = {isa = PBXFileReference; lastKnownFileType = sourcecode.swift; path = SceneDelegate.swift; sourceTree = "<group>"; };
		DF7103C6247B6E3A00B859CF /* ViewController.swift */ = {isa = PBXFileReference; lastKnownFileType = sourcecode.swift; path = ViewController.swift; sourceTree = "<group>"; };
		DF7103C9247B6E3A00B859CF /* Base */ = {isa = PBXFileReference; lastKnownFileType = file.storyboard; name = Base; path = Base.lproj/Main.storyboard; sourceTree = "<group>"; };
		DF7103CB247B6E3C00B859CF /* Assets.xcassets */ = {isa = PBXFileReference; lastKnownFileType = folder.assetcatalog; path = Assets.xcassets; sourceTree = "<group>"; };
		DF7103CE247B6E3C00B859CF /* Base */ = {isa = PBXFileReference; lastKnownFileType = file.storyboard; name = Base; path = Base.lproj/LaunchScreen.storyboard; sourceTree = "<group>"; };
		DF7103D0247B6E3C00B859CF /* Info.plist */ = {isa = PBXFileReference; lastKnownFileType = text.plist.xml; path = Info.plist; sourceTree = "<group>"; };
		DF7103D8247B6FC200B859CF /* LetAndVar.playground */ = {isa = PBXFileReference; lastKnownFileType = file.playground; path = LetAndVar.playground; sourceTree = "<group>"; xcLanguageSpecificationIdentifier = xcode.lang.swift; };
		DF7103D9247BBFAD00B859CF /* FunctionAndClosure.playground */ = {isa = PBXFileReference; lastKnownFileType = file.playground; path = FunctionAndClosure.playground; sourceTree = "<group>"; xcLanguageSpecificationIdentifier = xcode.lang.swift; };
		DF809D97253057B800586559 /* SWDrawChartVC.swift */ = {isa = PBXFileReference; lastKnownFileType = sourcecode.swift; path = SWDrawChartVC.swift; sourceTree = "<group>"; };
		DF809D9925305D1500586559 /* SWUtilExtension.swift */ = {isa = PBXFileReference; lastKnownFileType = sourcecode.swift; path = SWUtilExtension.swift; sourceTree = "<group>"; };
		DF82260B247FD3E800E105F3 /* EnumerationsAndStructures.playground */ = {isa = PBXFileReference; lastKnownFileType = file.playground; path = EnumerationsAndStructures.playground; sourceTree = "<group>"; xcLanguageSpecificationIdentifier = xcode.lang.swift; };
		DF85AFCF254669180038F1A7 /* SWPresentationViewController.h */ = {isa = PBXFileReference; lastKnownFileType = sourcecode.c.h; path = SWPresentationViewController.h; sourceTree = "<group>"; };
		DF85AFD0254669180038F1A7 /* SWPresentationViewController.m */ = {isa = PBXFileReference; lastKnownFileType = sourcecode.c.objc; path = SWPresentationViewController.m; sourceTree = "<group>"; };
		DF85AFD225466B900038F1A7 /* SWAppTools.h */ = {isa = PBXFileReference; lastKnownFileType = sourcecode.c.h; path = SWAppTools.h; sourceTree = "<group>"; };
		DF85AFD325466B900038F1A7 /* SWAppTools.m */ = {isa = PBXFileReference; lastKnownFileType = sourcecode.c.objc; path = SWAppTools.m; sourceTree = "<group>"; };
		DF85AFD525466C590038F1A7 /* UIViewController+SWPresentationTools.h */ = {isa = PBXFileReference; lastKnownFileType = sourcecode.c.h; path = "UIViewController+SWPresentationTools.h"; sourceTree = "<group>"; };
		DF85AFD625466C590038F1A7 /* UIViewController+SWPresentationTools.m */ = {isa = PBXFileReference; lastKnownFileType = sourcecode.c.objc; path = "UIViewController+SWPresentationTools.m"; sourceTree = "<group>"; };
		DF85AFDB254676560038F1A7 /* SWBottomPopOCViewController.h */ = {isa = PBXFileReference; lastKnownFileType = sourcecode.c.h; path = SWBottomPopOCViewController.h; sourceTree = "<group>"; };
		DF85AFDC254676560038F1A7 /* SWBottomPopOCViewController.m */ = {isa = PBXFileReference; lastKnownFileType = sourcecode.c.objc; path = SWBottomPopOCViewController.m; sourceTree = "<group>"; };
		DF935A2E248E2DC400B41406 /* SWMainTabBarViewController.swift */ = {isa = PBXFileReference; lastKnownFileType = sourcecode.swift; path = SWMainTabBarViewController.swift; sourceTree = "<group>"; };
		DF935A32248E2E1F00B41406 /* SWBaseViewController.swift */ = {isa = PBXFileReference; lastKnownFileType = sourcecode.swift; path = SWBaseViewController.swift; sourceTree = "<group>"; };
		DF935A34248E351E00B41406 /* SWHomeViewController.swift */ = {isa = PBXFileReference; lastKnownFileType = sourcecode.swift; path = SWHomeViewController.swift; sourceTree = "<group>"; };
		DF95772524F79220006AED1B /* SWARCViewController.swift */ = {isa = PBXFileReference; lastKnownFileType = sourcecode.swift; path = SWARCViewController.swift; sourceTree = "<group>"; };
		DF9B5FA624EA21F100615116 /* CompositionProtocol.swift */ = {isa = PBXFileReference; lastKnownFileType = sourcecode.swift; path = CompositionProtocol.swift; sourceTree = "<group>"; };
		DF9FF26424D0162D00233774 /* SWInitializationViewController.swift */ = {isa = PBXFileReference; lastKnownFileType = sourcecode.swift; path = SWInitializationViewController.swift; sourceTree = "<group>"; };
		DFA44F002498A3210004125B /* SWOperatorViewController.swift */ = {isa = PBXFileReference; lastKnownFileType = sourcecode.swift; path = SWOperatorViewController.swift; sourceTree = "<group>"; };
		DFA44F022498A5E80004125B /* SWBaseNavigationController.swift */ = {isa = PBXFileReference; lastKnownFileType = sourcecode.swift; path = SWBaseNavigationController.swift; sourceTree = "<group>"; };
		DFA758C72520364E00EC9476 /* SWOnlyFunctionTypeVC.swift */ = {isa = PBXFileReference; lastKnownFileType = sourcecode.swift; path = SWOnlyFunctionTypeVC.swift; sourceTree = "<group>"; };
		DFA857C9251D82180053BA59 /* LearnSwift-Bridging-Header.h */ = {isa = PBXFileReference; lastKnownFileType = sourcecode.c.h; path = "LearnSwift-Bridging-Header.h"; sourceTree = "<group>"; };
		DFA857CD251D8E140053BA59 /* SWUseSwiftFileHeader.h */ = {isa = PBXFileReference; lastKnownFileType = sourcecode.c.h; path = SWUseSwiftFileHeader.h; sourceTree = "<group>"; };
		DFA857E5251DE18D0053BA59 /* SWEnumViewController.swift */ = {isa = PBXFileReference; lastKnownFileType = sourcecode.swift; path = SWEnumViewController.swift; sourceTree = "<group>"; };
		DFA8763A24FF30E5000AA0A8 /* SWAccessViewControler.swift */ = {isa = PBXFileReference; lastKnownFileType = sourcecode.swift; path = SWAccessViewControler.swift; sourceTree = "<group>"; };
		DFA9CE54249CA22B002E4C62 /* SWControlFlowViewController.swift */ = {isa = PBXFileReference; lastKnownFileType = sourcecode.swift; path = SWControlFlowViewController.swift; sourceTree = "<group>"; };
		DFAF771E254273A900FBBC61 /* SWPopOCVC.h */ = {isa = PBXFileReference; fileEncoding = 4; lastKnownFileType = sourcecode.c.h; path = SWPopOCVC.h; sourceTree = "<group>"; };
		DFAF771F254273A900FBBC61 /* SWTestOCModel.m */ = {isa = PBXFileReference; fileEncoding = 4; lastKnownFileType = sourcecode.c.objc; path = SWTestOCModel.m; sourceTree = "<group>"; };
		DFAF7720254273A900FBBC61 /* UIViewController+SWButtonFunctionIMP.h */ = {isa = PBXFileReference; fileEncoding = 4; lastKnownFileType = sourcecode.c.h; path = "UIViewController+SWButtonFunctionIMP.h"; sourceTree = "<group>"; };
		DFAF7722254273A900FBBC61 /* PKProtocolExtension.m */ = {isa = PBXFileReference; fileEncoding = 4; lastKnownFileType = sourcecode.c.objc; path = PKProtocolExtension.m; sourceTree = "<group>"; };
		DFAF7723254273A900FBBC61 /* PKProtocolExtension.h */ = {isa = PBXFileReference; fileEncoding = 4; lastKnownFileType = sourcecode.c.h; path = PKProtocolExtension.h; sourceTree = "<group>"; };
		DFAF7724254273A900FBBC61 /* ProtocolKit.h */ = {isa = PBXFileReference; fileEncoding = 4; lastKnownFileType = sourcecode.c.h; path = ProtocolKit.h; sourceTree = "<group>"; };
		DFAF7725254273A900FBBC61 /* SWButtonFunction.h */ = {isa = PBXFileReference; fileEncoding = 4; lastKnownFileType = sourcecode.c.h; path = SWButtonFunction.h; sourceTree = "<group>"; };
		DFAF7726254273A900FBBC61 /* UIViewController+SWButtonFunctionIMP.m */ = {isa = PBXFileReference; fileEncoding = 4; lastKnownFileType = sourcecode.c.objc; path = "UIViewController+SWButtonFunctionIMP.m"; sourceTree = "<group>"; };
		DFAF7727254273A900FBBC61 /* SWPopOCVC.m */ = {isa = PBXFileReference; fileEncoding = 4; lastKnownFileType = sourcecode.c.objc; path = SWPopOCVC.m; sourceTree = "<group>"; };
		DFAF7728254273A900FBBC61 /* SWTestOCModel.h */ = {isa = PBXFileReference; fileEncoding = 4; lastKnownFileType = sourcecode.c.h; path = SWTestOCModel.h; sourceTree = "<group>"; };
		DFAF772A254273A900FBBC61 /* SWPOPVC.swift */ = {isa = PBXFileReference; fileEncoding = 4; lastKnownFileType = sourcecode.swift; path = SWPOPVC.swift; sourceTree = "<group>"; };
		DFAF772B254273A900FBBC61 /* SWButtonFunction.swift */ = {isa = PBXFileReference; fileEncoding = 4; lastKnownFileType = sourcecode.swift; path = SWButtonFunction.swift; sourceTree = "<group>"; };
		DFAF77322542740B00FBBC61 /* SWBottomPopViewController.swift */ = {isa = PBXFileReference; lastKnownFileType = sourcecode.swift; path = SWBottomPopViewController.swift; sourceTree = "<group>"; };
		DFAF77342542767F00FBBC61 /* SWBottomPresentViewController.swift */ = {isa = PBXFileReference; lastKnownFileType = sourcecode.swift; path = SWBottomPresentViewController.swift; sourceTree = "<group>"; };
		DFAF7736254278D500FBBC61 /* SWBottomPresentProtocol.swift */ = {isa = PBXFileReference; lastKnownFileType = sourcecode.swift; path = SWBottomPresentProtocol.swift; sourceTree = "<group>"; };
		DFB4B7CD25108DEA00DFA4E7 /* SWSwiftProgramingChainVC.swift */ = {isa = PBXFileReference; fileEncoding = 4; lastKnownFileType = sourcecode.swift; path = SWSwiftProgramingChainVC.swift; sourceTree = "<group>"; };
		DFB4B7CF25108E4D00DFA4E7 /* SWEncapsulateCoreImageVC.swift */ = {isa = PBXFileReference; lastKnownFileType = sourcecode.swift; path = SWEncapsulateCoreImageVC.swift; sourceTree = "<group>"; };
		DFB6C9992553E3BD008D018E /* ZJBaseDuck.h */ = {isa = PBXFileReference; lastKnownFileType = sourcecode.c.h; path = ZJBaseDuck.h; sourceTree = "<group>"; };
		DFB6C99A2553E3BD008D018E /* ZJBaseDuck.m */ = {isa = PBXFileReference; lastKnownFileType = sourcecode.c.objc; path = ZJBaseDuck.m; sourceTree = "<group>"; };
		DFB6C99C2553E4C0008D018E /* ZJAnimalDuck.h */ = {isa = PBXFileReference; lastKnownFileType = sourcecode.c.h; path = ZJAnimalDuck.h; sourceTree = "<group>"; };
		DFB6C99D2553E4C0008D018E /* ZJAnimalDuck.m */ = {isa = PBXFileReference; lastKnownFileType = sourcecode.c.objc; path = ZJAnimalDuck.m; sourceTree = "<group>"; };
		DFB6C99F2553E528008D018E /* ZJRubberDuck.h */ = {isa = PBXFileReference; lastKnownFileType = sourcecode.c.h; path = ZJRubberDuck.h; sourceTree = "<group>"; };
		DFB6C9A02553E528008D018E /* ZJRubberDuck.m */ = {isa = PBXFileReference; lastKnownFileType = sourcecode.c.objc; path = ZJRubberDuck.m; sourceTree = "<group>"; };
		DFB6C9A22553E650008D018E /* ZJDuckProtocol.h */ = {isa = PBXFileReference; lastKnownFileType = sourcecode.c.h; path = ZJDuckProtocol.h; sourceTree = "<group>"; };
		DFB6C9A32553E6E3008D018E /* ZJNewAnimalDuck.h */ = {isa = PBXFileReference; lastKnownFileType = sourcecode.c.h; path = ZJNewAnimalDuck.h; sourceTree = "<group>"; };
		DFB6C9A42553E6E3008D018E /* ZJNewAnimalDuck.m */ = {isa = PBXFileReference; lastKnownFileType = sourcecode.c.objc; path = ZJNewAnimalDuck.m; sourceTree = "<group>"; };
		DFB6C9A62553E729008D018E /* ZJNewRubberDuck.h */ = {isa = PBXFileReference; lastKnownFileType = sourcecode.c.h; path = ZJNewRubberDuck.h; sourceTree = "<group>"; };
		DFB6C9A72553E729008D018E /* ZJNewRubberDuck.m */ = {isa = PBXFileReference; lastKnownFileType = sourcecode.c.objc; path = ZJNewRubberDuck.m; sourceTree = "<group>"; };
		DFB6C9A92553E9D5008D018E /* ZJNewBaseDuck.h */ = {isa = PBXFileReference; lastKnownFileType = sourcecode.c.h; path = ZJNewBaseDuck.h; sourceTree = "<group>"; };
		DFB6C9AA2553E9D5008D018E /* ZJNewBaseDuck.m */ = {isa = PBXFileReference; lastKnownFileType = sourcecode.c.objc; path = ZJNewBaseDuck.m; sourceTree = "<group>"; };
		DFC48C2B2531A12A00ABFFD6 /* SWItratorAndSequenceVC.swift */ = {isa = PBXFileReference; lastKnownFileType = sourcecode.swift; path = SWItratorAndSequenceVC.swift; sourceTree = "<group>"; };
		DFC9191724F5093B00C7EBAF /* OpaqueTypesViewController.swift */ = {isa = PBXFileReference; lastKnownFileType = sourcecode.swift; path = OpaqueTypesViewController.swift; sourceTree = "<group>"; };
		DFD3BA9E249B00560039D46B /* SWDifferentRepresentationVC.swift */ = {isa = PBXFileReference; lastKnownFileType = sourcecode.swift; path = SWDifferentRepresentationVC.swift; sourceTree = "<group>"; };
		DFD3BAA0249B039A0039D46B /* SWDifferentCell.swift */ = {isa = PBXFileReference; lastKnownFileType = sourcecode.swift; path = SWDifferentCell.swift; sourceTree = "<group>"; };
		DFD3BAA4249B52D70039D46B /* SWCollectionTypesViewController.swift */ = {isa = PBXFileReference; lastKnownFileType = sourcecode.swift; path = SWCollectionTypesViewController.swift; sourceTree = "<group>"; };
		DFDA86AC24E117E1008CBE27 /* SWErrorHandlingViewController.swift */ = {isa = PBXFileReference; lastKnownFileType = sourcecode.swift; path = SWErrorHandlingViewController.swift; sourceTree = "<group>"; };
		DFE22E2224C5945E005E3B25 /* SWEnumerationsController.swift */ = {isa = PBXFileReference; lastKnownFileType = sourcecode.swift; path = SWEnumerationsController.swift; sourceTree = "<group>"; };
		DFF70DEE24CE6E1F00F58D15 /* SWSubscriptsViewController.swift */ = {isa = PBXFileReference; lastKnownFileType = sourcecode.swift; path = SWSubscriptsViewController.swift; sourceTree = "<group>"; };
		DFF961E924C963F100CBC697 /* SWApplyPropertyWrapperVC.swift */ = {isa = PBXFileReference; lastKnownFileType = sourcecode.swift; path = SWApplyPropertyWrapperVC.swift; sourceTree = "<group>"; };
		DFF961EC24C9643F00CBC697 /* SWInputTextCell.swift */ = {isa = PBXFileReference; lastKnownFileType = sourcecode.swift; path = SWInputTextCell.swift; sourceTree = "<group>"; };
		DFF961EE24C9656700CBC697 /* SWBaseTableViewCell.swift */ = {isa = PBXFileReference; lastKnownFileType = sourcecode.swift; path = SWBaseTableViewCell.swift; sourceTree = "<group>"; };
/* End PBXFileReference section */

/* Begin PBXFrameworksBuildPhase section */
		DF7103BC247B6E3A00B859CF /* Frameworks */ = {
			isa = PBXFrameworksBuildPhase;
			buildActionMask = 2147483647;
			files = (
				E28E4509AC35A9793617225D /* Pods_LearnSwift.framework in Frameworks */,
			);
			runOnlyForDeploymentPostprocessing = 0;
		};
/* End PBXFrameworksBuildPhase section */

/* Begin PBXGroup section */
		5C6B58645C824621DA67F123 /* Frameworks */ = {
			isa = PBXGroup;
			children = (
				AD6EA33BB5E571148CF89C2E /* Pods_LearnSwift.framework */,
			);
			name = Frameworks;
			sourceTree = "<group>";
		};
		7FE1F430D225B78110332233 /* Pods */ = {
			isa = PBXGroup;
			children = (
				86951FF1EBF308998EF79221 /* Pods-LearnSwift.debug.xcconfig */,
				4BABB26F7F58DDD6C4AD137A /* Pods-LearnSwift.release.xcconfig */,
			);
			path = Pods;
			sourceTree = "<group>";
		};
		DF37AF7324A987FC00C5EA37 /* Find */ = {
			isa = PBXGroup;
			children = (
				DF460E8B24E232D4006CB24C /* Extensions */,
				DFF961EB24C9642C00CBC697 /* View */,
				DF37AF7424A9882A00C5EA37 /* SWFindViewController.swift */,
				DFA8763A24FF30E5000AA0A8 /* SWAccessViewControler.swift */,
				DF37AF7924A9CE5700C5EA37 /* SWFunctionsViewController.swift */,
				DFE22E2224C5945E005E3B25 /* SWEnumerationsController.swift */,
				DF5C80BD24C7DDE20040D7D8 /* SWPropertiesViewController.swift */,
				DFF70DEE24CE6E1F00F58D15 /* SWSubscriptsViewController.swift */,
				DFD3BA9E249B00560039D46B /* SWDifferentRepresentationVC.swift */,
				DFF961E924C963F100CBC697 /* SWApplyPropertyWrapperVC.swift */,
				DF9FF26424D0162D00233774 /* SWInitializationViewController.swift */,
				DFDA86AC24E117E1008CBE27 /* SWErrorHandlingViewController.swift */,
				DF460E8924E22EDC006CB24C /* SWExtensionsViewController.swift */,
				DF41DB6224E3FA90009C117A /* SWProtocolsViewController.swift */,
				DF3ED2A424EFBA390083F870 /* SWGenericsViewController.swift */,
				DFC9191724F5093B00C7EBAF /* OpaqueTypesViewController.swift */,
				DF95772524F79220006AED1B /* SWARCViewController.swift */,
				DF1B6B8825071F0300B68527 /* SWSwiftAdvancedTipsViewControler.swift */,
			);
			path = Find;
			sourceTree = "<group>";
		};
		DF460E8B24E232D4006CB24C /* Extensions */ = {
			isa = PBXGroup;
			children = (
				DF460E8C24E23347006CB24C /* Extensions.swift */,
				DF4944E524E4E586002D3675 /* Protocol.swift */,
				DF9B5FA624EA21F100615116 /* CompositionProtocol.swift */,
			);
			path = Extensions;
			sourceTree = "<group>";
		};
		DF65D6DA250B550E00A9FB43 /* SwiftBooks */ = {
			isa = PBXGroup;
			children = (
				DF65D6DB250B550E00A9FB43 /* Extension */,
				DF65D6DC250B550E00A9FB43 /* Util */,
				DF65D6DD250B550E00A9FB43 /* Controller */,
				DF65D6DE250B550E00A9FB43 /* Model */,
				DF65D6DF250B550E00A9FB43 /* View */,
			);
			path = SwiftBooks;
			sourceTree = "<group>";
		};
		DF65D6DB250B550E00A9FB43 /* Extension */ = {
			isa = PBXGroup;
			children = (
			);
			path = Extension;
			sourceTree = "<group>";
		};
		DF65D6DC250B550E00A9FB43 /* Util */ = {
			isa = PBXGroup;
			children = (
				DF809D9925305D1500586559 /* SWUtilExtension.swift */,
			);
			path = Util;
			sourceTree = "<group>";
		};
		DF65D6DD250B550E00A9FB43 /* Controller */ = {
			isa = PBXGroup;
			children = (
				DFB4B7CC25108DEA00DFA4E7 /* 函数式Swift */,
				DF65D6E0250B570C00A9FB43 /* SWBookListViewController.swift */,
			);
			path = Controller;
			sourceTree = "<group>";
		};
		DF65D6DE250B550E00A9FB43 /* Model */ = {
			isa = PBXGroup;
			children = (
			);
			path = Model;
			sourceTree = "<group>";
		};
		DF65D6DF250B550E00A9FB43 /* View */ = {
			isa = PBXGroup;
			children = (
				DF5FE2CC251B449000C83FBE /* SWOptionalValueCell.swift */,
				DF5FE2CD251B449000C83FBE /* SWOptionalValueCell.xib */,
				DF2C7A23251C8AE400B97485 /* SWPOPTableViewCell.swift */,
				DF2C7A24251C8AE400B97485 /* SWPOPTableViewCell.xib */,
			);
			path = View;
			sourceTree = "<group>";
		};
		DF7103B6247B6E3A00B859CF = {
			isa = PBXGroup;
			children = (
				DF7103C1247B6E3A00B859CF /* LearnSwift */,
				DF7103C0247B6E3A00B859CF /* Products */,
				7FE1F430D225B78110332233 /* Pods */,
				5C6B58645C824621DA67F123 /* Frameworks */,
			);
			sourceTree = "<group>";
		};
		DF7103C0247B6E3A00B859CF /* Products */ = {
			isa = PBXGroup;
			children = (
				DF7103BF247B6E3A00B859CF /* LearnSwift.app */,
			);
			name = Products;
			sourceTree = "<group>";
		};
		DF7103C1247B6E3A00B859CF /* LearnSwift */ = {
			isa = PBXGroup;
			children = (
				DF65D6DA250B550E00A9FB43 /* SwiftBooks */,
				DF37AF7324A987FC00C5EA37 /* Find */,
				DF935A31248E2E1000B41406 /* Base */,
				DF935A30248E2DFD00B41406 /* Home */,
				DF7103D6247B6F6300B859CF /* Playground */,
				DF7103C2247B6E3A00B859CF /* AppDelegate.swift */,
				DF7103C4247B6E3A00B859CF /* SceneDelegate.swift */,
				DF7103C6247B6E3A00B859CF /* ViewController.swift */,
				DF935A2E248E2DC400B41406 /* SWMainTabBarViewController.swift */,
				DF7103C8247B6E3A00B859CF /* Main.storyboard */,
				DF7103CB247B6E3C00B859CF /* Assets.xcassets */,
				DF7103CD247B6E3C00B859CF /* LaunchScreen.storyboard */,
				DF7103D0247B6E3C00B859CF /* Info.plist */,
				DF0063A924F39FF200B6153F /* CustomLog.swift */,
			);
			path = LearnSwift;
			sourceTree = "<group>";
		};
		DF7103D6247B6F6300B859CF /* Playground */ = {
			isa = PBXGroup;
			children = (
				DF7103D7247B6FC200B859CF /* emplate */,
				DFA857CD251D8E140053BA59 /* SWUseSwiftFileHeader.h */,
			);
			path = Playground;
			sourceTree = SOURCE_ROOT;
		};
		DF7103D7247B6FC200B859CF /* emplate */ = {
			isa = PBXGroup;
			children = (
				DF82260B247FD3E800E105F3 /* EnumerationsAndStructures.playground */,
				DF7103D9247BBFAD00B859CF /* FunctionAndClosure.playground */,
				DF7103D8247B6FC200B859CF /* LetAndVar.playground */,
			);
			path = emplate;
			sourceTree = "<group>";
		};
		DF935A30248E2DFD00B41406 /* Home */ = {
			isa = PBXGroup;
			children = (
				DF935A34248E351E00B41406 /* SWHomeViewController.swift */,
				DFA44F002498A3210004125B /* SWOperatorViewController.swift */,
				DFD3BAA0249B039A0039D46B /* SWDifferentCell.swift */,
				DFD3BAA4249B52D70039D46B /* SWCollectionTypesViewController.swift */,
				DFA9CE54249CA22B002E4C62 /* SWControlFlowViewController.swift */,
			);
			path = Home;
			sourceTree = "<group>";
		};
		DF935A31248E2E1000B41406 /* Base */ = {
			isa = PBXGroup;
			children = (
				DF935A32248E2E1F00B41406 /* SWBaseViewController.swift */,
				DFA44F022498A5E80004125B /* SWBaseNavigationController.swift */,
			);
			path = Base;
			sourceTree = "<group>";
		};
		DFAF771C254273A900FBBC61 /* Protocol */ = {
			isa = PBXGroup;
			children = (
				DFAF771D254273A900FBBC61 /* OC */,
				DFAF7729254273A900FBBC61 /* Swift */,
			);
			path = Protocol;
			sourceTree = "<group>";
		};
		DFAF771D254273A900FBBC61 /* OC */ = {
			isa = PBXGroup;
			children = (
				DFB6C9962553E319008D018E /* DuckModel */,
				DFAF7721254273A900FBBC61 /* Source */,
				DFAF7725254273A900FBBC61 /* SWButtonFunction.h */,
				DFAF771E254273A900FBBC61 /* SWPopOCVC.h */,
				DFAF7727254273A900FBBC61 /* SWPopOCVC.m */,
				DFAF7728254273A900FBBC61 /* SWTestOCModel.h */,
				DFAF771F254273A900FBBC61 /* SWTestOCModel.m */,
				DFAF7720254273A900FBBC61 /* UIViewController+SWButtonFunctionIMP.h */,
				DFAF7726254273A900FBBC61 /* UIViewController+SWButtonFunctionIMP.m */,
				DF85AFCF254669180038F1A7 /* SWPresentationViewController.h */,
				DF85AFD0254669180038F1A7 /* SWPresentationViewController.m */,
				DF85AFD525466C590038F1A7 /* UIViewController+SWPresentationTools.h */,
				DF85AFD625466C590038F1A7 /* UIViewController+SWPresentationTools.m */,
				DF85AFDB254676560038F1A7 /* SWBottomPopOCViewController.h */,
				DF85AFDC254676560038F1A7 /* SWBottomPopOCViewController.m */,
				DF85AFD225466B900038F1A7 /* SWAppTools.h */,
				DF85AFD325466B900038F1A7 /* SWAppTools.m */,
			);
			path = OC;
			sourceTree = "<group>";
		};
		DFAF7721254273A900FBBC61 /* Source */ = {
			isa = PBXGroup;
			children = (
				DFAF7722254273A900FBBC61 /* PKProtocolExtension.m */,
				DFAF7723254273A900FBBC61 /* PKProtocolExtension.h */,
				DFAF7724254273A900FBBC61 /* ProtocolKit.h */,
			);
			path = Source;
			sourceTree = "<group>";
		};
		DFAF7729254273A900FBBC61 /* Swift */ = {
			isa = PBXGroup;
			children = (
				DFAF772A254273A900FBBC61 /* SWPOPVC.swift */,
				DFAF772B254273A900FBBC61 /* SWButtonFunction.swift */,
				DFAF77322542740B00FBBC61 /* SWBottomPopViewController.swift */,
				DFAF77342542767F00FBBC61 /* SWBottomPresentViewController.swift */,
				DFAF7736254278D500FBBC61 /* SWBottomPresentProtocol.swift */,
			);
			path = Swift;
			sourceTree = "<group>";
		};
		DFB4B7CC25108DEA00DFA4E7 /* 函数式Swift */ = {
			isa = PBXGroup;
			children = (
				DFAF771C254273A900FBBC61 /* Protocol */,
				DFA857C9251D82180053BA59 /* LearnSwift-Bridging-Header.h */,
				DF5FE2CA251B1B6A00C83FBE /* SWConstantValueVC.swift */,
				DFB4B7CF25108E4D00DFA4E7 /* SWEncapsulateCoreImageVC.swift */,
				DFA857E5251DE18D0053BA59 /* SWEnumViewController.swift */,
				DF142D992511A9740095AAFD /* SWMapFilterReduceVC.swift */,
				DF5AC00025187E6A00EF238F /* SWOptionalValueVC.swift */,
				DFA758C72520364E00EC9476 /* SWOnlyFunctionTypeVC.swift */,
				DFB4B7CD25108DEA00DFA4E7 /* SWSwiftProgramingChainVC.swift */,
				DF809D97253057B800586559 /* SWDrawChartVC.swift */,
				DFC48C2B2531A12A00ABFFD6 /* SWItratorAndSequenceVC.swift */,
			);
			path = "函数式Swift";
			sourceTree = "<group>";
		};
		DFB6C9962553E319008D018E /* DuckModel */ = {
			isa = PBXGroup;
			children = (
				DFB6C9972553E368008D018E /* Inherit */,
				DFB6C9982553E368008D018E /* Protocol */,
			);
			path = DuckModel;
			sourceTree = "<group>";
		};
		DFB6C9972553E368008D018E /* Inherit */ = {
			isa = PBXGroup;
			children = (
				DFB6C9992553E3BD008D018E /* ZJBaseDuck.h */,
				DFB6C99A2553E3BD008D018E /* ZJBaseDuck.m */,
				DFB6C99C2553E4C0008D018E /* ZJAnimalDuck.h */,
				DFB6C99D2553E4C0008D018E /* ZJAnimalDuck.m */,
				DFB6C99F2553E528008D018E /* ZJRubberDuck.h */,
				DFB6C9A02553E528008D018E /* ZJRubberDuck.m */,
			);
			path = Inherit;
			sourceTree = "<group>";
		};
		DFB6C9982553E368008D018E /* Protocol */ = {
			isa = PBXGroup;
			children = (
				DFB6C9A22553E650008D018E /* ZJDuckProtocol.h */,
				DFB6C9A32553E6E3008D018E /* ZJNewAnimalDuck.h */,
				DFB6C9A42553E6E3008D018E /* ZJNewAnimalDuck.m */,
				DFB6C9A62553E729008D018E /* ZJNewRubberDuck.h */,
				DFB6C9A72553E729008D018E /* ZJNewRubberDuck.m */,
				DFB6C9A92553E9D5008D018E /* ZJNewBaseDuck.h */,
				DFB6C9AA2553E9D5008D018E /* ZJNewBaseDuck.m */,
			);
			path = Protocol;
			sourceTree = "<group>";
		};
		DFF961EB24C9642C00CBC697 /* View */ = {
			isa = PBXGroup;
			children = (
				DFF961EC24C9643F00CBC697 /* SWInputTextCell.swift */,
				DFF961EE24C9656700CBC697 /* SWBaseTableViewCell.swift */,
			);
			path = View;
			sourceTree = "<group>";
		};
/* End PBXGroup section */

/* Begin PBXNativeTarget section */
		DF7103BE247B6E3A00B859CF /* LearnSwift */ = {
			isa = PBXNativeTarget;
			buildConfigurationList = DF7103D3247B6E3C00B859CF /* Build configuration list for PBXNativeTarget "LearnSwift" */;
			buildPhases = (
				267F7305288D08241273815B /* [CP] Check Pods Manifest.lock */,
				DF7103BB247B6E3A00B859CF /* Sources */,
				DF7103BC247B6E3A00B859CF /* Frameworks */,
				DF7103BD247B6E3A00B859CF /* Resources */,
				8872A5CA8BC0B31DF15B3FC2 /* [CP] Embed Pods Frameworks */,
			);
			buildRules = (
			);
			dependencies = (
			);
			name = LearnSwift;
			productName = LearnSwift;
			productReference = DF7103BF247B6E3A00B859CF /* LearnSwift.app */;
			productType = "com.apple.product-type.application";
		};
/* End PBXNativeTarget section */

/* Begin PBXProject section */
		DF7103B7247B6E3A00B859CF /* Project object */ = {
			isa = PBXProject;
			attributes = {
				CLASSPREFIX = SW;
				LastSwiftUpdateCheck = 1140;
				LastUpgradeCheck = 1140;
				ORGANIZATIONNAME = com.zhangjunjun.com;
				TargetAttributes = {
					DF7103BE247B6E3A00B859CF = {
						CreatedOnToolsVersion = 11.4;
						LastSwiftMigration = 1170;
					};
				};
			};
			buildConfigurationList = DF7103BA247B6E3A00B859CF /* Build configuration list for PBXProject "LearnSwift" */;
			compatibilityVersion = "Xcode 9.3";
			developmentRegion = en;
			hasScannedForEncodings = 0;
			knownRegions = (
				en,
				Base,
			);
			mainGroup = DF7103B6247B6E3A00B859CF;
			productRefGroup = DF7103C0247B6E3A00B859CF /* Products */;
			projectDirPath = "";
			projectRoot = "";
			targets = (
				DF7103BE247B6E3A00B859CF /* LearnSwift */,
			);
		};
/* End PBXProject section */

/* Begin PBXResourcesBuildPhase section */
		DF7103BD247B6E3A00B859CF /* Resources */ = {
			isa = PBXResourcesBuildPhase;
			buildActionMask = 2147483647;
			files = (
				DF2C7A26251C8AE400B97485 /* SWPOPTableViewCell.xib in Resources */,
				DF7103CF247B6E3C00B859CF /* LaunchScreen.storyboard in Resources */,
				DF5FE2CF251B449000C83FBE /* SWOptionalValueCell.xib in Resources */,
				DF7103CC247B6E3C00B859CF /* Assets.xcassets in Resources */,
				DF7103CA247B6E3A00B859CF /* Main.storyboard in Resources */,
			);
			runOnlyForDeploymentPostprocessing = 0;
		};
/* End PBXResourcesBuildPhase section */

/* Begin PBXShellScriptBuildPhase section */
		267F7305288D08241273815B /* [CP] Check Pods Manifest.lock */ = {
			isa = PBXShellScriptBuildPhase;
			buildActionMask = 2147483647;
			files = (
			);
			inputFileListPaths = (
			);
			inputPaths = (
				"${PODS_PODFILE_DIR_PATH}/Podfile.lock",
				"${PODS_ROOT}/Manifest.lock",
			);
			name = "[CP] Check Pods Manifest.lock";
			outputFileListPaths = (
			);
			outputPaths = (
				"$(DERIVED_FILE_DIR)/Pods-LearnSwift-checkManifestLockResult.txt",
			);
			runOnlyForDeploymentPostprocessing = 0;
			shellPath = /bin/sh;
			shellScript = "diff \"${PODS_PODFILE_DIR_PATH}/Podfile.lock\" \"${PODS_ROOT}/Manifest.lock\" > /dev/null\nif [ $? != 0 ] ; then\n    # print error to STDERR\n    echo \"error: The sandbox is not in sync with the Podfile.lock. Run 'pod install' or update your CocoaPods installation.\" >&2\n    exit 1\nfi\n# This output is used by Xcode 'outputs' to avoid re-running this script phase.\necho \"SUCCESS\" > \"${SCRIPT_OUTPUT_FILE_0}\"\n";
			showEnvVarsInLog = 0;
		};
		8872A5CA8BC0B31DF15B3FC2 /* [CP] Embed Pods Frameworks */ = {
			isa = PBXShellScriptBuildPhase;
			buildActionMask = 2147483647;
			files = (
			);
			inputFileListPaths = (
				"${PODS_ROOT}/Target Support Files/Pods-LearnSwift/Pods-LearnSwift-frameworks-${CONFIGURATION}-input-files.xcfilelist",
			);
			name = "[CP] Embed Pods Frameworks";
			outputFileListPaths = (
				"${PODS_ROOT}/Target Support Files/Pods-LearnSwift/Pods-LearnSwift-frameworks-${CONFIGURATION}-output-files.xcfilelist",
			);
			runOnlyForDeploymentPostprocessing = 0;
			shellPath = /bin/sh;
			shellScript = "\"${PODS_ROOT}/Target Support Files/Pods-LearnSwift/Pods-LearnSwift-frameworks.sh\"\n";
			showEnvVarsInLog = 0;
		};
/* End PBXShellScriptBuildPhase section */

/* Begin PBXSourcesBuildPhase section */
		DF7103BB247B6E3A00B859CF /* Sources */ = {
			isa = PBXSourcesBuildPhase;
			buildActionMask = 2147483647;
			files = (
				DFD3BAA5249B52D70039D46B /* SWCollectionTypesViewController.swift in Sources */,
				DFAF7731254273AA00FBBC61 /* SWButtonFunction.swift in Sources */,
				DFAF772E254273AA00FBBC61 /* UIViewController+SWButtonFunctionIMP.m in Sources */,
				DFAF77332542740B00FBBC61 /* SWBottomPopViewController.swift in Sources */,
				DFB6C9A52553E6E3008D018E /* ZJNewAnimalDuck.m in Sources */,
				DF85AFDD254676560038F1A7 /* SWBottomPopOCViewController.m in Sources */,
				DF4944E624E4E586002D3675 /* Protocol.swift in Sources */,
				DFA758C82520364E00EC9476 /* SWOnlyFunctionTypeVC.swift in Sources */,
				DFB6C99E2553E4C0008D018E /* ZJAnimalDuck.m in Sources */,
				DF3ED2A524EFBA390083F870 /* SWGenericsViewController.swift in Sources */,
				DF9FF26524D0162D00233774 /* SWInitializationViewController.swift in Sources */,
				DF2C7A25251C8AE400B97485 /* SWPOPTableViewCell.swift in Sources */,
				DF809D9A25305D1500586559 /* SWUtilExtension.swift in Sources */,
				DFA44F032498A5E80004125B /* SWBaseNavigationController.swift in Sources */,
				DF5FE2CB251B1B6A00C83FBE /* SWConstantValueVC.swift in Sources */,
				DF85AFD725466C590038F1A7 /* UIViewController+SWPresentationTools.m in Sources */,
				DFA8763B24FF30E5000AA0A8 /* SWAccessViewControler.swift in Sources */,
				DFB6C9AB2553E9D5008D018E /* ZJNewBaseDuck.m in Sources */,
				DFAF7737254278D500FBBC61 /* SWBottomPresentProtocol.swift in Sources */,
				DFAF772D254273AA00FBBC61 /* PKProtocolExtension.m in Sources */,
				DF809D98253057B800586559 /* SWDrawChartVC.swift in Sources */,
				DFF961EF24C9656700CBC697 /* SWBaseTableViewCell.swift in Sources */,
				DF1B6B8925071F0300B68527 /* SWSwiftAdvancedTipsViewControler.swift in Sources */,
				DF95772624F79220006AED1B /* SWARCViewController.swift in Sources */,
				DF5C80BE24C7DDE20040D7D8 /* SWPropertiesViewController.swift in Sources */,
				DFC9191824F5093B00C7EBAF /* OpaqueTypesViewController.swift in Sources */,
				DFA9CE55249CA22B002E4C62 /* SWControlFlowViewController.swift in Sources */,
				DF7103C7247B6E3A00B859CF /* ViewController.swift in Sources */,
				DFB4B7D025108E4D00DFA4E7 /* SWEncapsulateCoreImageVC.swift in Sources */,
				DFF961EA24C963F100CBC697 /* SWApplyPropertyWrapperVC.swift in Sources */,
				DF41DB6324E3FA90009C117A /* SWProtocolsViewController.swift in Sources */,
				DF5AC00125187E6A00EF238F /* SWOptionalValueVC.swift in Sources */,
				DFB6C9A12553E528008D018E /* ZJRubberDuck.m in Sources */,
				DFB6C99B2553E3BD008D018E /* ZJBaseDuck.m in Sources */,
				DF935A35248E351E00B41406 /* SWHomeViewController.swift in Sources */,
				DFF70DEF24CE6E1F00F58D15 /* SWSubscriptsViewController.swift in Sources */,
				DFB6C9A82553E729008D018E /* ZJNewRubberDuck.m in Sources */,
				DF37AF7524A9882A00C5EA37 /* SWFindViewController.swift in Sources */,
				DFD3BAA1249B039A0039D46B /* SWDifferentCell.swift in Sources */,
				DFAF772F254273AA00FBBC61 /* SWPopOCVC.m in Sources */,
				DFAF77352542767F00FBBC61 /* SWBottomPresentViewController.swift in Sources */,
				DF9B5FA724EA21F100615116 /* CompositionProtocol.swift in Sources */,
				DFD3BA9F249B00560039D46B /* SWDifferentRepresentationVC.swift in Sources */,
				DF65D6E1250B570C00A9FB43 /* SWBookListViewController.swift in Sources */,
				DF5FE2CE251B449000C83FBE /* SWOptionalValueCell.swift in Sources */,
				DFAF772C254273AA00FBBC61 /* SWTestOCModel.m in Sources */,
				DF37AF7A24A9CE5700C5EA37 /* SWFunctionsViewController.swift in Sources */,
				DF460E8A24E22EDC006CB24C /* SWExtensionsViewController.swift in Sources */,
				DF7103C3247B6E3A00B859CF /* AppDelegate.swift in Sources */,
				DFA857E6251DE18D0053BA59 /* SWEnumViewController.swift in Sources */,
				DF142D9A2511A9740095AAFD /* SWMapFilterReduceVC.swift in Sources */,
				DF0063AA24F39FF200B6153F /* CustomLog.swift in Sources */,
				DFE22E2324C5945E005E3B25 /* SWEnumerationsController.swift in Sources */,
				DFC48C2C2531A12A00ABFFD6 /* SWItratorAndSequenceVC.swift in Sources */,
				DF85AFD425466B900038F1A7 /* SWAppTools.m in Sources */,
				DF935A2F248E2DC400B41406 /* SWMainTabBarViewController.swift in Sources */,
				DF935A33248E2E1F00B41406 /* SWBaseViewController.swift in Sources */,
				DF460E8D24E23347006CB24C /* Extensions.swift in Sources */,
				DFAF7730254273AA00FBBC61 /* SWPOPVC.swift in Sources */,
				DFB4B7CE25108DEA00DFA4E7 /* SWSwiftProgramingChainVC.swift in Sources */,
				DFA44F012498A3210004125B /* SWOperatorViewController.swift in Sources */,
				DF7103C5247B6E3A00B859CF /* SceneDelegate.swift in Sources */,
				DFDA86AD24E117E1008CBE27 /* SWErrorHandlingViewController.swift in Sources */,
				DF85AFD1254669180038F1A7 /* SWPresentationViewController.m in Sources */,
				DFF961ED24C9643F00CBC697 /* SWInputTextCell.swift in Sources */,
			);
			runOnlyForDeploymentPostprocessing = 0;
		};
/* End PBXSourcesBuildPhase section */

/* Begin PBXVariantGroup section */
		DF7103C8247B6E3A00B859CF /* Main.storyboard */ = {
			isa = PBXVariantGroup;
			children = (
				DF7103C9247B6E3A00B859CF /* Base */,
			);
			name = Main.storyboard;
			sourceTree = "<group>";
		};
		DF7103CD247B6E3C00B859CF /* LaunchScreen.storyboard */ = {
			isa = PBXVariantGroup;
			children = (
				DF7103CE247B6E3C00B859CF /* Base */,
			);
			name = LaunchScreen.storyboard;
			sourceTree = "<group>";
		};
/* End PBXVariantGroup section */

/* Begin XCBuildConfiguration section */
		DF7103D1247B6E3C00B859CF /* Debug */ = {
			isa = XCBuildConfiguration;
			buildSettings = {
				ALWAYS_SEARCH_USER_PATHS = NO;
				CLANG_ANALYZER_NONNULL = YES;
				CLANG_ANALYZER_NUMBER_OBJECT_CONVERSION = YES_AGGRESSIVE;
				CLANG_CXX_LANGUAGE_STANDARD = "gnu++14";
				CLANG_CXX_LIBRARY = "libc++";
				CLANG_ENABLE_MODULES = YES;
				CLANG_ENABLE_OBJC_ARC = YES;
				CLANG_ENABLE_OBJC_WEAK = YES;
				CLANG_WARN_BLOCK_CAPTURE_AUTORELEASING = YES;
				CLANG_WARN_BOOL_CONVERSION = YES;
				CLANG_WARN_COMMA = YES;
				CLANG_WARN_CONSTANT_CONVERSION = YES;
				CLANG_WARN_DEPRECATED_OBJC_IMPLEMENTATIONS = YES;
				CLANG_WARN_DIRECT_OBJC_ISA_USAGE = YES_ERROR;
				CLANG_WARN_DOCUMENTATION_COMMENTS = YES;
				CLANG_WARN_EMPTY_BODY = YES;
				CLANG_WARN_ENUM_CONVERSION = YES;
				CLANG_WARN_INFINITE_RECURSION = YES;
				CLANG_WARN_INT_CONVERSION = YES;
				CLANG_WARN_NON_LITERAL_NULL_CONVERSION = YES;
				CLANG_WARN_OBJC_IMPLICIT_RETAIN_SELF = YES;
				CLANG_WARN_OBJC_LITERAL_CONVERSION = YES;
				CLANG_WARN_OBJC_ROOT_CLASS = YES_ERROR;
				CLANG_WARN_RANGE_LOOP_ANALYSIS = YES;
				CLANG_WARN_STRICT_PROTOTYPES = YES;
				CLANG_WARN_SUSPICIOUS_MOVE = YES;
				CLANG_WARN_UNGUARDED_AVAILABILITY = YES_AGGRESSIVE;
				CLANG_WARN_UNREACHABLE_CODE = YES;
				CLANG_WARN__DUPLICATE_METHOD_MATCH = YES;
				COPY_PHASE_STRIP = NO;
				DEBUG_INFORMATION_FORMAT = dwarf;
				ENABLE_STRICT_OBJC_MSGSEND = YES;
				ENABLE_TESTABILITY = YES;
				GCC_C_LANGUAGE_STANDARD = gnu11;
				GCC_DYNAMIC_NO_PIC = NO;
				GCC_NO_COMMON_BLOCKS = YES;
				GCC_OPTIMIZATION_LEVEL = 0;
				GCC_PREPROCESSOR_DEFINITIONS = (
					"DEBUG=1",
					"$(inherited)",
				);
				GCC_WARN_64_TO_32_BIT_CONVERSION = YES;
				GCC_WARN_ABOUT_RETURN_TYPE = YES_ERROR;
				GCC_WARN_UNDECLARED_SELECTOR = YES;
				GCC_WARN_UNINITIALIZED_AUTOS = YES_AGGRESSIVE;
				GCC_WARN_UNUSED_FUNCTION = YES;
				GCC_WARN_UNUSED_VARIABLE = YES;
				IPHONEOS_DEPLOYMENT_TARGET = 13.4;
				MTL_ENABLE_DEBUG_INFO = INCLUDE_SOURCE;
				MTL_FAST_MATH = YES;
				ONLY_ACTIVE_ARCH = YES;
				SDKROOT = iphoneos;
				SWIFT_ACTIVE_COMPILATION_CONDITIONS = DEBUG;
				SWIFT_OPTIMIZATION_LEVEL = "-Onone";
			};
			name = Debug;
		};
		DF7103D2247B6E3C00B859CF /* Release */ = {
			isa = XCBuildConfiguration;
			buildSettings = {
				ALWAYS_SEARCH_USER_PATHS = NO;
				CLANG_ANALYZER_NONNULL = YES;
				CLANG_ANALYZER_NUMBER_OBJECT_CONVERSION = YES_AGGRESSIVE;
				CLANG_CXX_LANGUAGE_STANDARD = "gnu++14";
				CLANG_CXX_LIBRARY = "libc++";
				CLANG_ENABLE_MODULES = YES;
				CLANG_ENABLE_OBJC_ARC = YES;
				CLANG_ENABLE_OBJC_WEAK = YES;
				CLANG_WARN_BLOCK_CAPTURE_AUTORELEASING = YES;
				CLANG_WARN_BOOL_CONVERSION = YES;
				CLANG_WARN_COMMA = YES;
				CLANG_WARN_CONSTANT_CONVERSION = YES;
				CLANG_WARN_DEPRECATED_OBJC_IMPLEMENTATIONS = YES;
				CLANG_WARN_DIRECT_OBJC_ISA_USAGE = YES_ERROR;
				CLANG_WARN_DOCUMENTATION_COMMENTS = YES;
				CLANG_WARN_EMPTY_BODY = YES;
				CLANG_WARN_ENUM_CONVERSION = YES;
				CLANG_WARN_INFINITE_RECURSION = YES;
				CLANG_WARN_INT_CONVERSION = YES;
				CLANG_WARN_NON_LITERAL_NULL_CONVERSION = YES;
				CLANG_WARN_OBJC_IMPLICIT_RETAIN_SELF = YES;
				CLANG_WARN_OBJC_LITERAL_CONVERSION = YES;
				CLANG_WARN_OBJC_ROOT_CLASS = YES_ERROR;
				CLANG_WARN_RANGE_LOOP_ANALYSIS = YES;
				CLANG_WARN_STRICT_PROTOTYPES = YES;
				CLANG_WARN_SUSPICIOUS_MOVE = YES;
				CLANG_WARN_UNGUARDED_AVAILABILITY = YES_AGGRESSIVE;
				CLANG_WARN_UNREACHABLE_CODE = YES;
				CLANG_WARN__DUPLICATE_METHOD_MATCH = YES;
				COPY_PHASE_STRIP = NO;
				DEBUG_INFORMATION_FORMAT = "dwarf-with-dsym";
				ENABLE_NS_ASSERTIONS = NO;
				ENABLE_STRICT_OBJC_MSGSEND = YES;
				GCC_C_LANGUAGE_STANDARD = gnu11;
				GCC_NO_COMMON_BLOCKS = YES;
				GCC_WARN_64_TO_32_BIT_CONVERSION = YES;
				GCC_WARN_ABOUT_RETURN_TYPE = YES_ERROR;
				GCC_WARN_UNDECLARED_SELECTOR = YES;
				GCC_WARN_UNINITIALIZED_AUTOS = YES_AGGRESSIVE;
				GCC_WARN_UNUSED_FUNCTION = YES;
				GCC_WARN_UNUSED_VARIABLE = YES;
				IPHONEOS_DEPLOYMENT_TARGET = 13.4;
				MTL_ENABLE_DEBUG_INFO = NO;
				MTL_FAST_MATH = YES;
				SDKROOT = iphoneos;
				SWIFT_COMPILATION_MODE = wholemodule;
				SWIFT_OPTIMIZATION_LEVEL = "-O";
				VALIDATE_PRODUCT = YES;
			};
			name = Release;
		};
		DF7103D4247B6E3C00B859CF /* Debug */ = {
			isa = XCBuildConfiguration;
			baseConfigurationReference = 86951FF1EBF308998EF79221 /* Pods-LearnSwift.debug.xcconfig */;
			buildSettings = {
				ASSETCATALOG_COMPILER_APPICON_NAME = AppIcon;
				CLANG_ENABLE_MODULES = YES;
				CODE_SIGN_IDENTITY = "iPhone Developer";
				CODE_SIGN_STYLE = Manual;
				DEVELOPMENT_TEAM = SUAKKZNX2F;
				INFOPLIST_FILE = LearnSwift/Info.plist;
				IPHONEOS_DEPLOYMENT_TARGET = 10.0;
				LD_RUNPATH_SEARCH_PATHS = (
					"$(inherited)",
					"@executable_path/Frameworks",
				);
				PRODUCT_BUNDLE_IDENTIFIER = com.zhangjunjun.com.LearnSwift;
				PRODUCT_NAME = "$(TARGET_NAME)";
				PROVISIONING_PROFILE_SPECIFIER = AllUniversalAppProvision;
				SWIFT_OBJC_BRIDGING_HEADER = "LearnSwift/SwiftBooks/Controller/函数式Swift/LearnSwift-Bridging-Header.h";
				SWIFT_OPTIMIZATION_LEVEL = "-Onone";
				SWIFT_VERSION = 5.0;
				TARGETED_DEVICE_FAMILY = "1,2";
			};
			name = Debug;
		};
		DF7103D5247B6E3C00B859CF /* Release */ = {
			isa = XCBuildConfiguration;
			baseConfigurationReference = 4BABB26F7F58DDD6C4AD137A /* Pods-LearnSwift.release.xcconfig */;
			buildSettings = {
				ASSETCATALOG_COMPILER_APPICON_NAME = AppIcon;
				CLANG_ENABLE_MODULES = YES;
				CODE_SIGN_IDENTITY = "iPhone Developer";
				CODE_SIGN_STYLE = Manual;
				DEVELOPMENT_TEAM = SUAKKZNX2F;
				INFOPLIST_FILE = LearnSwift/Info.plist;
				IPHONEOS_DEPLOYMENT_TARGET = 10.0;
				LD_RUNPATH_SEARCH_PATHS = (
					"$(inherited)",
					"@executable_path/Frameworks",
				);
				PRODUCT_BUNDLE_IDENTIFIER = com.zhangjunjun.com.LearnSwift;
				PRODUCT_NAME = "$(TARGET_NAME)";
				PROVISIONING_PROFILE_SPECIFIER = AllUniversalAppProvision;
				SWIFT_ACTIVE_COMPILATION_CONDITIONS = "-D RELEASE";
				SWIFT_OBJC_BRIDGING_HEADER = "LearnSwift/SwiftBooks/Controller/函数式Swift/LearnSwift-Bridging-Header.h";
				SWIFT_VERSION = 5.0;
				TARGETED_DEVICE_FAMILY = "1,2";
			};
			name = Release;
		};
/* End XCBuildConfiguration section */

/* Begin XCConfigurationList section */
		DF7103BA247B6E3A00B859CF /* Build configuration list for PBXProject "LearnSwift" */ = {
			isa = XCConfigurationList;
			buildConfigurations = (
				DF7103D1247B6E3C00B859CF /* Debug */,
				DF7103D2247B6E3C00B859CF /* Release */,
			);
			defaultConfigurationIsVisible = 0;
			defaultConfigurationName = Release;
		};
		DF7103D3247B6E3C00B859CF /* Build configuration list for PBXNativeTarget "LearnSwift" */ = {
			isa = XCConfigurationList;
			buildConfigurations = (
				DF7103D4247B6E3C00B859CF /* Debug */,
				DF7103D5247B6E3C00B859CF /* Release */,
			);
			defaultConfigurationIsVisible = 0;
			defaultConfigurationName = Release;
		};
/* End XCConfigurationList section */
	};
	rootObject = DF7103B7247B6E3A00B859CF /* Project object */;
}
